{
  "version": 4,
  "terraform_version": "1.6.6",
  "serial": 18,
  "lineage": "2959e38c-8897-7c13-a3de-74b017bbae00",
  "outputs": {
    "master_public_ip": {
      "value": "13.232.165.121",
      "type": "string"
    },
    "worker1_public_ip": {
      "value": "13.232.243.57",
      "type": "string"
    },
    "worker2_public_ip": {
      "value": "13.201.60.135",
      "type": "string"
    }
  },
  "resources": [
    {
      "mode": "managed",
      "type": "local_file",
      "name": "ansible_inventory",
      "provider": "provider[\"registry.terraform.io/hashicorp/local\"]",
      "instances": [
        {
          "schema_version": 0,
          "attributes": {
            "content": "[master]\n13.232.165.121 ansible_user=ubuntu\n\n[workers]\n13.232.243.57 ansible_user=ubuntu\n13.201.60.135 ansible_user=ubuntu\n",
            "content_base64": null,
            "content_base64sha256": "7x2smhnLXgBQJ2DMmpRCW86mkiJT4qNhZLSeYVPFliY=",
            "content_base64sha512": "nQwOE4vFTPembeOqHZLjsoxUWcmEeB2sekCT1BSvOt7p3RzesdlAzC/AuJxppEFVCuWeUPv62kxPRy4A2w+qlQ==",
            "content_md5": "0e6341d239940ee835b36b099db84c89",
            "content_sha1": "7d7d874f620a5fae3e7d0ce5dca71775ccf23234",
            "content_sha256": "ef1dac9a19cb5e00502760cc9a94425bcea6922253e2a36164b49e6153c59626",
            "content_sha512": "9d0c0e138bc54cf7a66de3aa1d92e3b28c5459c984781dac7a4093d414af3adee9dd1cdeb1d940cc2fc0b89c69a441550ae59e50fbfada4c4f472e00db0faa95",
            "directory_permission": "0777",
            "file_permission": "0777",
            "filename": "../ansible/inventory.ini",
            "id": "7d7d874f620a5fae3e7d0ce5dca71775ccf23234",
            "sensitive_content": null,
            "source": null
          },
          "sensitive_attributes": [],
          "dependencies": [
            "module.ec2.aws_instance.master",
            "module.ec2.aws_instance.worker1",
            "module.ec2.aws_instance.worker2",
            "module.keypair.aws_key_pair.generated",
            "module.keypair.tls_private_key.rsa",
            "module.security_group.aws_security_group.main",
            "module.vpc.aws_subnet.public",
            "module.vpc.aws_vpc.main"
          ]
        }
      ]
    },
    {
      "module": "module.ec2",
      "mode": "managed",
      "type": "aws_instance",
      "name": "master",
      "provider": "provider[\"registry.terraform.io/hashicorp/aws\"]",
      "instances": [
        {
          "schema_version": 1,
          "attributes": {
            "ami": "ami-0522ab6e1ddcc7055",
            "arn": "arn:aws:ec2:ap-south-1:713332525261:instance/i-07e302071e7e983e9",
            "associate_public_ip_address": true,
            "availability_zone": "ap-south-1a",
            "capacity_reservation_specification": [
              {
                "capacity_reservation_preference": "open",
                "capacity_reservation_target": []
              }
            ],
            "cpu_core_count": 2,
            "cpu_options": [
              {
                "amd_sev_snp": "",
                "core_count": 2,
                "threads_per_core": 1
              }
            ],
            "cpu_threads_per_core": 1,
            "credit_specification": [
              {
                "cpu_credits": "standard"
              }
            ],
            "disable_api_stop": false,
            "disable_api_termination": false,
            "ebs_block_device": [],
            "ebs_optimized": false,
            "enable_primary_ipv6": null,
            "enclave_options": [
              {
                "enabled": false
              }
            ],
            "ephemeral_block_device": [],
            "get_password_data": false,
            "hibernation": false,
            "host_id": "",
            "host_resource_group_arn": null,
            "iam_instance_profile": "",
            "id": "i-07e302071e7e983e9",
            "instance_initiated_shutdown_behavior": "stop",
            "instance_lifecycle": "",
            "instance_market_options": [],
            "instance_state": "running",
            "instance_type": "t2.medium",
            "ipv6_address_count": 0,
            "ipv6_addresses": [],
            "key_name": "k8s-key",
            "launch_template": [],
            "maintenance_options": [
              {
                "auto_recovery": "default"
              }
            ],
            "metadata_options": [
              {
                "http_endpoint": "enabled",
                "http_protocol_ipv6": "disabled",
                "http_put_response_hop_limit": 2,
                "http_tokens": "required",
                "instance_metadata_tags": "disabled"
              }
            ],
            "monitoring": false,
            "network_interface": [],
            "outpost_arn": "",
            "password_data": "",
            "placement_group": "",
            "placement_partition_number": 0,
            "primary_network_interface_id": "eni-04750ee9f28a3ffd6",
            "private_dns": "ip-10-0-1-91.ap-south-1.compute.internal",
            "private_dns_name_options": [
              {
                "enable_resource_name_dns_a_record": false,
                "enable_resource_name_dns_aaaa_record": false,
                "hostname_type": "ip-name"
              }
            ],
            "private_ip": "10.0.1.91",
            "public_dns": "ec2-13-232-165-121.ap-south-1.compute.amazonaws.com",
            "public_ip": "13.232.165.121",
            "root_block_device": [
              {
                "delete_on_termination": true,
                "device_name": "/dev/sda1",
                "encrypted": false,
                "iops": 3000,
                "kms_key_id": "",
                "tags": {},
                "tags_all": {},
                "throughput": 125,
                "volume_id": "vol-00837e60d32dc2a81",
                "volume_size": 8,
                "volume_type": "gp3"
              }
            ],
            "secondary_private_ips": [],
            "security_groups": [],
            "source_dest_check": true,
            "spot_instance_request_id": "",
            "subnet_id": "subnet-06d9da43d8be5a39a",
            "tags": {
              "Name": "k8s-master"
            },
            "tags_all": {
              "Name": "k8s-master"
            },
            "tenancy": "default",
            "timeouts": null,
            "user_data": null,
            "user_data_base64": null,
            "user_data_replace_on_change": false,
            "volume_tags": null,
            "vpc_security_group_ids": [
              "sg-0959cf47ea189526d"
            ]
          },
          "sensitive_attributes": [],
          "private": "eyJlMmJmYjczMC1lY2FhLTExZTYtOGY4OC0zNDM2M2JjN2M0YzAiOnsiY3JlYXRlIjo2MDAwMDAwMDAwMDAsImRlbGV0ZSI6MTIwMDAwMDAwMDAwMCwicmVhZCI6OTAwMDAwMDAwMDAwLCJ1cGRhdGUiOjYwMDAwMDAwMDAwMH0sInNjaGVtYV92ZXJzaW9uIjoiMSJ9",
          "dependencies": [
            "module.keypair.aws_key_pair.generated",
            "module.keypair.tls_private_key.rsa",
            "module.security_group.aws_security_group.main",
            "module.vpc.aws_subnet.public",
            "module.vpc.aws_vpc.main"
          ]
        }
      ]
    },
    {
      "module": "module.ec2",
      "mode": "managed",
      "type": "aws_instance",
      "name": "worker1",
      "provider": "provider[\"registry.terraform.io/hashicorp/aws\"]",
      "instances": [
        {
          "schema_version": 1,
          "attributes": {
            "ami": "ami-0522ab6e1ddcc7055",
            "arn": "arn:aws:ec2:ap-south-1:713332525261:instance/i-0a79a98a4b472f4b8",
            "associate_public_ip_address": true,
            "availability_zone": "ap-south-1a",
            "capacity_reservation_specification": [
              {
                "capacity_reservation_preference": "open",
                "capacity_reservation_target": []
              }
            ],
            "cpu_core_count": 1,
            "cpu_options": [
              {
                "amd_sev_snp": "",
                "core_count": 1,
                "threads_per_core": 1
              }
            ],
            "cpu_threads_per_core": 1,
            "credit_specification": [
              {
                "cpu_credits": "standard"
              }
            ],
            "disable_api_stop": false,
            "disable_api_termination": false,
            "ebs_block_device": [],
            "ebs_optimized": false,
            "enable_primary_ipv6": null,
            "enclave_options": [
              {
                "enabled": false
              }
            ],
            "ephemeral_block_device": [],
            "get_password_data": false,
            "hibernation": false,
            "host_id": "",
            "host_resource_group_arn": null,
            "iam_instance_profile": "",
            "id": "i-0a79a98a4b472f4b8",
            "instance_initiated_shutdown_behavior": "stop",
            "instance_lifecycle": "",
            "instance_market_options": [],
            "instance_state": "running",
            "instance_type": "t2.micro",
            "ipv6_address_count": 0,
            "ipv6_addresses": [],
            "key_name": "k8s-key",
            "launch_template": [],
            "maintenance_options": [
              {
                "auto_recovery": "default"
              }
            ],
            "metadata_options": [
              {
                "http_endpoint": "enabled",
                "http_protocol_ipv6": "disabled",
                "http_put_response_hop_limit": 2,
                "http_tokens": "required",
                "instance_metadata_tags": "disabled"
              }
            ],
            "monitoring": false,
            "network_interface": [],
            "outpost_arn": "",
            "password_data": "",
            "placement_group": "",
            "placement_partition_number": 0,
            "primary_network_interface_id": "eni-046c7bf3089479b14",
            "private_dns": "ip-10-0-1-47.ap-south-1.compute.internal",
            "private_dns_name_options": [
              {
                "enable_resource_name_dns_a_record": false,
                "enable_resource_name_dns_aaaa_record": false,
                "hostname_type": "ip-name"
              }
            ],
            "private_ip": "10.0.1.47",
            "public_dns": "ec2-13-232-243-57.ap-south-1.compute.amazonaws.com",
            "public_ip": "13.232.243.57",
            "root_block_device": [
              {
                "delete_on_termination": true,
                "device_name": "/dev/sda1",
                "encrypted": false,
                "iops": 3000,
                "kms_key_id": "",
                "tags": {},
                "tags_all": {},
                "throughput": 125,
                "volume_id": "vol-04835cfe5a5c0e6b4",
                "volume_size": 8,
                "volume_type": "gp3"
              }
            ],
            "secondary_private_ips": [],
            "security_groups": [],
            "source_dest_check": true,
            "spot_instance_request_id": "",
            "subnet_id": "subnet-06d9da43d8be5a39a",
            "tags": {
              "Name": "k8s-worker-1"
            },
            "tags_all": {
              "Name": "k8s-worker-1"
            },
            "tenancy": "default",
            "timeouts": null,
            "user_data": null,
            "user_data_base64": null,
            "user_data_replace_on_change": false,
            "volume_tags": null,
            "vpc_security_group_ids": [
              "sg-0959cf47ea189526d"
            ]
          },
          "sensitive_attributes": [],
          "private": "eyJlMmJmYjczMC1lY2FhLTExZTYtOGY4OC0zNDM2M2JjN2M0YzAiOnsiY3JlYXRlIjo2MDAwMDAwMDAwMDAsImRlbGV0ZSI6MTIwMDAwMDAwMDAwMCwicmVhZCI6OTAwMDAwMDAwMDAwLCJ1cGRhdGUiOjYwMDAwMDAwMDAwMH0sInNjaGVtYV92ZXJzaW9uIjoiMSJ9",
          "dependencies": [
            "module.keypair.aws_key_pair.generated",
            "module.keypair.tls_private_key.rsa",
            "module.security_group.aws_security_group.main",
            "module.vpc.aws_subnet.public",
            "module.vpc.aws_vpc.main"
          ]
        }
      ]
    },
    {
      "module": "module.ec2",
      "mode": "managed",
      "type": "aws_instance",
      "name": "worker2",
      "provider": "provider[\"registry.terraform.io/hashicorp/aws\"]",
      "instances": [
        {
          "schema_version": 1,
          "attributes": {
            "ami": "ami-0522ab6e1ddcc7055",
            "arn": "arn:aws:ec2:ap-south-1:713332525261:instance/i-01fdee0cc108a0340",
            "associate_public_ip_address": true,
            "availability_zone": "ap-south-1a",
            "capacity_reservation_specification": [
              {
                "capacity_reservation_preference": "open",
                "capacity_reservation_target": []
              }
            ],
            "cpu_core_count": 1,
            "cpu_options": [
              {
                "amd_sev_snp": "",
                "core_count": 1,
                "threads_per_core": 1
              }
            ],
            "cpu_threads_per_core": 1,
            "credit_specification": [
              {
                "cpu_credits": "standard"
              }
            ],
            "disable_api_stop": false,
            "disable_api_termination": false,
            "ebs_block_device": [],
            "ebs_optimized": false,
            "enable_primary_ipv6": null,
            "enclave_options": [
              {
                "enabled": false
              }
            ],
            "ephemeral_block_device": [],
            "get_password_data": false,
            "hibernation": false,
            "host_id": "",
            "host_resource_group_arn": null,
            "iam_instance_profile": "",
            "id": "i-01fdee0cc108a0340",
            "instance_initiated_shutdown_behavior": "stop",
            "instance_lifecycle": "",
            "instance_market_options": [],
            "instance_state": "running",
            "instance_type": "t2.micro",
            "ipv6_address_count": 0,
            "ipv6_addresses": [],
            "key_name": "k8s-key",
            "launch_template": [],
            "maintenance_options": [
              {
                "auto_recovery": "default"
              }
            ],
            "metadata_options": [
              {
                "http_endpoint": "enabled",
                "http_protocol_ipv6": "disabled",
                "http_put_response_hop_limit": 2,
                "http_tokens": "required",
                "instance_metadata_tags": "disabled"
              }
            ],
            "monitoring": false,
            "network_interface": [],
            "outpost_arn": "",
            "password_data": "",
            "placement_group": "",
            "placement_partition_number": 0,
            "primary_network_interface_id": "eni-00319af038c9df8b3",
            "private_dns": "ip-10-0-1-32.ap-south-1.compute.internal",
            "private_dns_name_options": [
              {
                "enable_resource_name_dns_a_record": false,
                "enable_resource_name_dns_aaaa_record": false,
                "hostname_type": "ip-name"
              }
            ],
            "private_ip": "10.0.1.32",
            "public_dns": "ec2-13-201-60-135.ap-south-1.compute.amazonaws.com",
            "public_ip": "13.201.60.135",
            "root_block_device": [
              {
                "delete_on_termination": true,
                "device_name": "/dev/sda1",
                "encrypted": false,
                "iops": 3000,
                "kms_key_id": "",
                "tags": {},
                "tags_all": {},
                "throughput": 125,
                "volume_id": "vol-0972f5585d6fac9cd",
                "volume_size": 8,
                "volume_type": "gp3"
              }
            ],
            "secondary_private_ips": [],
            "security_groups": [],
            "source_dest_check": true,
            "spot_instance_request_id": "",
            "subnet_id": "subnet-06d9da43d8be5a39a",
            "tags": {
              "Name": "k8s-worker-2"
            },
            "tags_all": {
              "Name": "k8s-worker-2"
            },
            "tenancy": "default",
            "timeouts": null,
            "user_data": null,
            "user_data_base64": null,
            "user_data_replace_on_change": false,
            "volume_tags": null,
            "vpc_security_group_ids": [
              "sg-0959cf47ea189526d"
            ]
          },
          "sensitive_attributes": [],
          "private": "eyJlMmJmYjczMC1lY2FhLTExZTYtOGY4OC0zNDM2M2JjN2M0YzAiOnsiY3JlYXRlIjo2MDAwMDAwMDAwMDAsImRlbGV0ZSI6MTIwMDAwMDAwMDAwMCwicmVhZCI6OTAwMDAwMDAwMDAwLCJ1cGRhdGUiOjYwMDAwMDAwMDAwMH0sInNjaGVtYV92ZXJzaW9uIjoiMSJ9",
          "dependencies": [
            "module.keypair.aws_key_pair.generated",
            "module.keypair.tls_private_key.rsa",
            "module.security_group.aws_security_group.main",
            "module.vpc.aws_subnet.public",
            "module.vpc.aws_vpc.main"
          ]
        }
      ]
    },
    {
      "module": "module.keypair",
      "mode": "managed",
      "type": "aws_key_pair",
      "name": "generated",
      "provider": "provider[\"registry.terraform.io/hashicorp/aws\"]",
      "instances": [
        {
          "schema_version": 1,
          "attributes": {
            "arn": "arn:aws:ec2:ap-south-1:713332525261:key-pair/k8s-key",
            "fingerprint": "61:c9:10:0b:27:7b:69:d5:37:bd:c6:cf:b6:12:32:52",
            "id": "k8s-key",
            "key_name": "k8s-key",
            "key_name_prefix": "",
            "key_pair_id": "key-06e9a160e5dfc7cf8",
            "key_type": "rsa",
            "public_key": "ssh-rsa AAAAB3NzaC1yc2EAAAADAQABAAACAQC7UyRQ9iL7bL2uEriXtqWmR3z92iLsOUwjP035rslqdO09bq5Ug1jv8CDNFoe0OWcAY7vRUa4tvbWRZ50IPIA3zfUcrExI59VkJAYcO3rdQOS5umVHtOdtS5ziut0auJfn2IeYHQVEwANQVe+0Cm1cU6uIGeVKlzkcLhnaSSp9o+LxiEpQwN/xEZEtD/7jstLr3502RwJR/xLXmu30YGKC+R46mAUcYQ58TKZrQbLy8tJ83ikGYJUG8J/lzp/hUFazb3XAimK2BsrY+xXOync2tZ2OxG9uWMP6TRhxWzFXUnGO7nIQlv3ZZeDknI5dNt4YiOriFJbTy5gMVbyKHa8yCliR25z/rZlBgsa7igEmZP1id26RlKC/7iSTxSFqn1FgbN9VA9uGR/fYAlVXrUZg13I3qOfWcY0HiYlzNrU/bK0qwkqQX3QuIDnhQ4KZYQmuMNR81hTYtaqOv7dKspDEbKQ4axWIke43LXypdbRpjDnpIS0dGXbz50gXizYe0n3PZQZnxyAY+4wo6Y+bb41MS4Loreax3DLxZ34oLHxy3o91rxWjVVtKHRgNKfaD6RKmGBSq0A2J/fjONopCBadhok5uIPJeRWElxPPXaH9+SAkekhsawNEtHDuBa/4qLSdIsKwvaER+t42vjkzYAbIuT1FeI2JFhGwLM9vbaxcLYQ==",
            "tags": {},
            "tags_all": {}
          },
          "sensitive_attributes": [],
          "private": "eyJzY2hlbWFfdmVyc2lvbiI6IjEifQ==",
          "dependencies": [
            "module.keypair.tls_private_key.rsa"
          ]
        }
      ]
    },
    {
      "module": "module.keypair",
      "mode": "managed",
      "type": "local_file",
      "name": "private_key",
      "provider": "provider[\"registry.terraform.io/hashicorp/local\"]",
      "instances": [
        {
          "schema_version": 0,
          "attributes": {
            "content": "-----BEGIN RSA PRIVATE KEY-----\nMIIJKQIBAAKCAgEAu1MkUPYi+2y9rhK4l7alpkd8/doi7DlMIz9N+a7JanTtPW6u\nVINY7/AgzRaHtDlnAGO70VGuLb21kWedCDyAN831HKxMSOfVZCQGHDt63UDkubpl\nR7TnbUuc4rrdGriX59iHmB0FRMADUFXvtAptXFOriBnlSpc5HC4Z2kkqfaPi8YhK\nUMDf8RGRLQ/+47LS69+dNkcCUf8S15rt9GBigvkeOpgFHGEOfEyma0Gy8vLSfN4p\nBmCVBvCf5c6f4VBWs291wIpitgbK2PsVzsp3NrWdjsRvbljD+k0YcVsxV1Jxju5y\nEJb92WXg5JyOXTbeGIjq4hSW08uYDFW8ih2vMgpYkduc/62ZQYLGu4oBJmT9Yndu\nkZSgv+4kk8Uhap9RYGzfVQPbhkf32AJVV61GYNdyN6jn1nGNB4mJcza1P2ytKsJK\nkF90LiA54UOCmWEJrjDUfNYU2LWqjr+3SrKQxGykOGsViJHuNy18qXW0aYw56SEt\nHRl28+dIF4s2HtJ9z2UGZ8cgGPuMKOmPm2+NTEuC6K3msdwy8Wd+KCx8ct6Pda8V\no1VbSh0YDSn2g+kSphgUqtANif34zjaKQgWnYaJObiDyXkVhJcTz12h/fkgJHpIb\nGsDRLRw7gWv+Ki0nSLCsL2hEfreNr45M2AGyLk9RXiNiRYRsCzPb22sXC2ECAwEA\nAQKCAgAcpEM+v8usfr1n0sP3qn0cdfzGAabqUH50OzcscI2qYdNuW7B7CpQ8J46U\nXRgFtesqU5WBlUgZBVMwNtP7UOjX331VU4DcetoVVC68/Vk1YDk4rqfStXXXL8L+\npcyty8CqOeDNoM5P6z32eBVNBXUgM0jcZ/03kPSx+tiIGDzPdhH6lTirrTnwbZux\ndKsn3I1EdG3gwS25JNOYNL+iaGRXm0iEc/8ADlT9K2kcqDB41ijZ38wNBhJzO7Jv\nHE80z6haCjZKaL5cD6DPWWDFvA5LRqyfCijxic/5QvV0S5m5PMlRLeMx5yxMI7gl\nrExWM0/1F2Y2iChhnNUUOb24rn49WObqrF2OjlkGqtMPj5lgjZdU+QA+9AK/Yh33\n4b1AN6scOFvn6lbBTMerU4QMbxbQf+2HPU7RGuOUupV5h6VbbxWjwoZ83i608du4\n9zVkgcHX83/tCbUk1v1uEQ9biQnTkc3gOniq8gRbwQCVwaBe2msTWMSmsbi6LTjH\n4Tsv0GKzYKG3N+vq3/9ZNKf5kL8qnnZCNkUjWu96IxXRHC8mUqgsh8/1+VX/s1YE\neWBI6IR5vxdxsXIj81hTvLmepD4Cg3gVmsCvPMEfU456OFOfxjdUEDPJT1IMrH8y\nSobbGlBXZ1VwjqsDyXeDu118YK1Az2yhRcZRwV4rdraQI0zukwKCAQEA53UvtYf/\njB1X9i0/DoBLFkrc3x1mWiqdA84e2PZtmrOnP45bxxzLOBDqJ09q1WvltuYiUmKH\nAS5iACNetpwg2c4lZQ2LL95CmCHU8Q85zFihA4D08ebb1MUQyr78vBU43cpTeRfu\nkzeb3gMWHkfe+AczZKc8qD+Nrl8LvwWMu+/gEmXnSkuNag0gUjMijr5o7d6e/Nim\nWXZ2EITngt0wp7LkZ1bgsV3zWzj2ywpdBLlbPT3jLKtTa0Nxdn9lFAx5fURqK4BE\nSDgzbLjeXS7/kOykHrSRU8vtLtXA/8BCiAb6sNDaEMvQxlxm85MGh8VQQXGtrjL7\nYwh5mbBvPSuT1wKCAQEAzy/8bHW50DpK91TrWuS0p5ffwb/uiI4xMzDJan9fjqrH\n8b+woy/JxtLo644/o7eX6cJ1CydfuGWAzssukZNZml4WB6J8Qk9kf3rov67k0hYc\n0PL/hwdBovMH44kea91dP+XJMRIEJ0ZyF8kCYP0DgE+ixXOwEjGqnVbSVzfdBHdh\n4fJfg9BmHiFVGzU5sXZlBEd+kxDW16XomvhG25y3a0KF9oeLaWwgEGY2sPZJfRAN\nqqN1zJih3FemyS3q9c3HQ/MCCLoOgb4xnx4FMnUW4YsRHfxi2KF1+N8liN06tXPa\nRuiiOXoFmLaf1v/6hvOCltLIX2225QjaetWziZHzhwKCAQEAqSBoDC2j/a4zaB8H\nxIDaXR+25RGGiLw6n10uDTuEO1arDzXmuke/9uflMXRGjEybPlpLGggEvkg2NAOk\nYasUFhMcIAsVeZTe9GtEPiDyCu94OCcy1M/sMj0NWBjWdFjNhMMi24kxO0GXE1MO\nBnJd6r7YPuQ03nwR+yhYXOyhOXK+OLNdnlw2qReOVoIm7kcURTw20Gs+ooB9JPT4\ndhdKRj/hxeElrnUILdAiBZs8/Qa0NLvUE//cpLRTZFMSeOPkojQroD3Jpzvp17f+\nQ/jjpfJEumsXBjQsy9xFepvyAZOX+zuhHETR+R/r2m/EhdEYI7n9PxzhtCutLzBN\nGFWPYQKCAQA/Az0mT3e/2LrMFkuuTTiUcCBhcNo/Nd/IzeG0PiD15wMAh2hVeUdI\n7QRh/9VjGYdeVQH77nGyR0yxmCIFrGboCA1zLPvVvwe1rc/z3GFDc+43rnAAxTg1\nMu0HSsCx1ZVyxZQ3FF+nAknY6g2LKehSseWzX8gBAJH/YFSAqkDSBu0CJxDdqhgk\nucaEi9+MFZILhyL733c4BwGDgFcsm7E9MfJEVF0WJwhpdGzVzVH0c1l0uFova4xu\n00mqjgiT0Y31IIdR2CRpWUsGNb8m5W2cEwuVrxjxAco7csKbqY0deqq8Pix4hqAF\nHiXm4dt0B8OD03+VZmzlo5evHCeKg5UpAoIBAQCOlrVOROOuJPLPIMWyXIVD6VhF\nxLs25fi6DGWaruiNxhF1+z0l9agSS/m8JV4SgLiKwqmjKMAq2GxRGA9EqMZZUUG8\n4nLgs8Lmb9R93fSyWkaV5/Fzqs0QYkOqtVvb+TSplNWGseymZJi85odhBErGuK1p\nA6pBdG1Iq05zTUzJkv1sqVOypXa4Hfb8MqYcw1NBjqpyhwo8E08yXQuJo/1cY1VB\nuP7TbUh3yW2oj22WhkpZUUx9RKd4SW/EGSehe7kQMx3qJpp6uw41omVdJChkGoWP\nsfX1uMSQBQScmnkWB3H5yQwhVFSVo3YPBdbWa8LQFS63rGQaGPEeuvD7go6w\n-----END RSA PRIVATE KEY-----\n",
            "content_base64": null,
            "content_base64sha256": "1soiFwIniDJPhy1p5OBpxTl+sl7w13pxkMOI0FpK4L4=",
            "content_base64sha512": "6KdFZsFk4wDXXthoGFeYQutRx4+/Xc8FlTDPRds0ffAn5PjxF/kH+ItFekV5j3U4R/C9jLHxajzPyoAGWWo17Q==",
            "content_md5": "299f0db275a1423cdf3647175a1b2898",
            "content_sha1": "4f4660dd1adc92f21e5487cce1a66faa6f6b019c",
            "content_sha256": "d6ca2217022788324f872d69e4e069c5397eb25ef0d77a7190c388d05a4ae0be",
            "content_sha512": "e8a74566c164e300d75ed86818579842eb51c78fbf5dcf059530cf45db347df027e4f8f117f907f88b457a45798f753847f0bd8cb1f16a3ccfca8006596a35ed",
            "directory_permission": "0777",
            "file_permission": "0777",
            "filename": "modules/keypair/k8s-key.pem",
            "id": "4f4660dd1adc92f21e5487cce1a66faa6f6b019c",
            "sensitive_content": null,
            "source": null
          },
          "sensitive_attributes": [
            [
              {
                "type": "get_attr",
                "value": "content"
              }
            ]
          ],
          "dependencies": [
            "module.keypair.tls_private_key.rsa"
          ]
        }
      ]
    },
    {
      "module": "module.keypair",
      "mode": "managed",
      "type": "tls_private_key",
      "name": "rsa",
      "provider": "provider[\"registry.terraform.io/hashicorp/tls\"]",
      "instances": [
        {
          "schema_version": 1,
          "attributes": {
            "algorithm": "RSA",
            "ecdsa_curve": "P224",
            "id": "060fd43d2c4107ec974412207eb8853ac59b1b0a",
            "private_key_openssh": "-----BEGIN OPENSSH PRIVATE KEY-----\nb3BlbnNzaC1rZXktdjEAAAAABG5vbmUAAAAEbm9uZQAAAAAAAAABAAACFwAAAAdz\nc2gtcnNhAAAAAwEAAQAAAgEAu1MkUPYi+2y9rhK4l7alpkd8/doi7DlMIz9N+a7J\nanTtPW6uVINY7/AgzRaHtDlnAGO70VGuLb21kWedCDyAN831HKxMSOfVZCQGHDt6\n3UDkubplR7TnbUuc4rrdGriX59iHmB0FRMADUFXvtAptXFOriBnlSpc5HC4Z2kkq\nfaPi8YhKUMDf8RGRLQ/+47LS69+dNkcCUf8S15rt9GBigvkeOpgFHGEOfEyma0Gy\n8vLSfN4pBmCVBvCf5c6f4VBWs291wIpitgbK2PsVzsp3NrWdjsRvbljD+k0YcVsx\nV1Jxju5yEJb92WXg5JyOXTbeGIjq4hSW08uYDFW8ih2vMgpYkduc/62ZQYLGu4oB\nJmT9YndukZSgv+4kk8Uhap9RYGzfVQPbhkf32AJVV61GYNdyN6jn1nGNB4mJcza1\nP2ytKsJKkF90LiA54UOCmWEJrjDUfNYU2LWqjr+3SrKQxGykOGsViJHuNy18qXW0\naYw56SEtHRl28+dIF4s2HtJ9z2UGZ8cgGPuMKOmPm2+NTEuC6K3msdwy8Wd+KCx8\nct6Pda8Vo1VbSh0YDSn2g+kSphgUqtANif34zjaKQgWnYaJObiDyXkVhJcTz12h/\nfkgJHpIbGsDRLRw7gWv+Ki0nSLCsL2hEfreNr45M2AGyLk9RXiNiRYRsCzPb22sX\nC2EAAAc40brlRNG65UQAAAAHc3NoLXJzYQAAAgEAu1MkUPYi+2y9rhK4l7alpkd8\n/doi7DlMIz9N+a7JanTtPW6uVINY7/AgzRaHtDlnAGO70VGuLb21kWedCDyAN831\nHKxMSOfVZCQGHDt63UDkubplR7TnbUuc4rrdGriX59iHmB0FRMADUFXvtAptXFOr\niBnlSpc5HC4Z2kkqfaPi8YhKUMDf8RGRLQ/+47LS69+dNkcCUf8S15rt9GBigvke\nOpgFHGEOfEyma0Gy8vLSfN4pBmCVBvCf5c6f4VBWs291wIpitgbK2PsVzsp3NrWd\njsRvbljD+k0YcVsxV1Jxju5yEJb92WXg5JyOXTbeGIjq4hSW08uYDFW8ih2vMgpY\nkduc/62ZQYLGu4oBJmT9YndukZSgv+4kk8Uhap9RYGzfVQPbhkf32AJVV61GYNdy\nN6jn1nGNB4mJcza1P2ytKsJKkF90LiA54UOCmWEJrjDUfNYU2LWqjr+3SrKQxGyk\nOGsViJHuNy18qXW0aYw56SEtHRl28+dIF4s2HtJ9z2UGZ8cgGPuMKOmPm2+NTEuC\n6K3msdwy8Wd+KCx8ct6Pda8Vo1VbSh0YDSn2g+kSphgUqtANif34zjaKQgWnYaJO\nbiDyXkVhJcTz12h/fkgJHpIbGsDRLRw7gWv+Ki0nSLCsL2hEfreNr45M2AGyLk9R\nXiNiRYRsCzPb22sXC2EAAAADAQABAAACABykQz6/y6x+vWfSw/eqfRx1/MYBpupQ\nfnQ7Nyxwjaph025bsHsKlDwnjpRdGAW16ypTlYGVSBkFUzA20/tQ6NfffVVTgNx6\n2hVULrz9WTVgOTiup9K1ddcvwv6lzK3LwKo54M2gzk/rPfZ4FU0FdSAzSNxn/TeQ\n9LH62IgYPM92EfqVOKutOfBtm7F0qyfcjUR0beDBLbkk05g0v6JoZFebSIRz/wAO\nVP0raRyoMHjWKNnfzA0GEnM7sm8cTzTPqFoKNkpovlwPoM9ZYMW8DktGrJ8KKPGJ\nz/lC9XRLmbk8yVEt4zHnLEwjuCWsTFYzT/UXZjaIKGGc1RQ5vbiufj1Y5uqsXY6O\nWQaq0w+PmWCNl1T5AD70Ar9iHffhvUA3qxw4W+fqVsFMx6tThAxvFtB/7Yc9TtEa\n45S6lXmHpVtvFaPChnzeLrTx27j3NWSBwdfzf+0JtSTW/W4RD1uJCdORzeA6eKry\nBFvBAJXBoF7aaxNYxKaxuLotOMfhOy/QYrNgobc36+rf/1k0p/mQvyqedkI2RSNa\n73ojFdEcLyZSqCyHz/X5Vf+zVgR5YEjohHm/F3GxciPzWFO8uZ6kPgKDeBWawK88\nwR9Tjno4U5/GN1QQM8lPUgysfzJKhtsaUFdnVXCOqwPJd4O7XXxgrUDPbKFFxlHB\nXit2tpAjTO6TAAABAQCOlrVOROOuJPLPIMWyXIVD6VhFxLs25fi6DGWaruiNxhF1\n+z0l9agSS/m8JV4SgLiKwqmjKMAq2GxRGA9EqMZZUUG84nLgs8Lmb9R93fSyWkaV\n5/Fzqs0QYkOqtVvb+TSplNWGseymZJi85odhBErGuK1pA6pBdG1Iq05zTUzJkv1s\nqVOypXa4Hfb8MqYcw1NBjqpyhwo8E08yXQuJo/1cY1VBuP7TbUh3yW2oj22WhkpZ\nUUx9RKd4SW/EGSehe7kQMx3qJpp6uw41omVdJChkGoWPsfX1uMSQBQScmnkWB3H5\nyQwhVFSVo3YPBdbWa8LQFS63rGQaGPEeuvD7go6wAAABAQDndS+1h/+MHVf2LT8O\ngEsWStzfHWZaKp0Dzh7Y9m2as6c/jlvHHMs4EOonT2rVa+W25iJSYocBLmIAI162\nnCDZziVlDYsv3kKYIdTxDznMWKEDgPTx5tvUxRDKvvy8FTjdylN5F+6TN5veAxYe\nR974BzNkpzyoP42uXwu/BYy77+ASZedKS41qDSBSMyKOvmjt3p782KZZdnYQhOeC\n3TCnsuRnVuCxXfNbOPbLCl0EuVs9PeMsq1NrQ3F2f2UUDHl9RGorgERIODNsuN5d\nLv+Q7KQetJFTy+0u1cD/wEKIBvqw0NoQy9DGXGbzkwaHxVBBca2uMvtjCHmZsG89\nK5PXAAABAQDPL/xsdbnQOkr3VOta5LSnl9/Bv+6IjjEzMMlqf1+Oqsfxv7CjL8nG\n0ujrjj+jt5fpwnULJ1+4ZYDOyy6Rk1maXhYHonxCT2R/eui/ruTSFhzQ8v+HB0Gi\n8wfjiR5r3V0/5ckxEgQnRnIXyQJg/QOAT6LFc7ASMaqdVtJXN90Ed2Hh8l+D0GYe\nIVUbNTmxdmUER36TENbXpeia+EbbnLdrQoX2h4tpbCAQZjaw9kl9EA2qo3XMmKHc\nV6bJLer1zcdD8wIIug6BvjGfHgUydRbhixEd/GLYoXX43yWI3Tq1c9pG6KI5egWY\ntp/W//qG84KW0shfbbblCNp61bOJkfOHAAAAAAEC\n-----END OPENSSH PRIVATE KEY-----\n",
            "private_key_pem": "-----BEGIN RSA PRIVATE KEY-----\nMIIJKQIBAAKCAgEAu1MkUPYi+2y9rhK4l7alpkd8/doi7DlMIz9N+a7JanTtPW6u\nVINY7/AgzRaHtDlnAGO70VGuLb21kWedCDyAN831HKxMSOfVZCQGHDt63UDkubpl\nR7TnbUuc4rrdGriX59iHmB0FRMADUFXvtAptXFOriBnlSpc5HC4Z2kkqfaPi8YhK\nUMDf8RGRLQ/+47LS69+dNkcCUf8S15rt9GBigvkeOpgFHGEOfEyma0Gy8vLSfN4p\nBmCVBvCf5c6f4VBWs291wIpitgbK2PsVzsp3NrWdjsRvbljD+k0YcVsxV1Jxju5y\nEJb92WXg5JyOXTbeGIjq4hSW08uYDFW8ih2vMgpYkduc/62ZQYLGu4oBJmT9Yndu\nkZSgv+4kk8Uhap9RYGzfVQPbhkf32AJVV61GYNdyN6jn1nGNB4mJcza1P2ytKsJK\nkF90LiA54UOCmWEJrjDUfNYU2LWqjr+3SrKQxGykOGsViJHuNy18qXW0aYw56SEt\nHRl28+dIF4s2HtJ9z2UGZ8cgGPuMKOmPm2+NTEuC6K3msdwy8Wd+KCx8ct6Pda8V\no1VbSh0YDSn2g+kSphgUqtANif34zjaKQgWnYaJObiDyXkVhJcTz12h/fkgJHpIb\nGsDRLRw7gWv+Ki0nSLCsL2hEfreNr45M2AGyLk9RXiNiRYRsCzPb22sXC2ECAwEA\nAQKCAgAcpEM+v8usfr1n0sP3qn0cdfzGAabqUH50OzcscI2qYdNuW7B7CpQ8J46U\nXRgFtesqU5WBlUgZBVMwNtP7UOjX331VU4DcetoVVC68/Vk1YDk4rqfStXXXL8L+\npcyty8CqOeDNoM5P6z32eBVNBXUgM0jcZ/03kPSx+tiIGDzPdhH6lTirrTnwbZux\ndKsn3I1EdG3gwS25JNOYNL+iaGRXm0iEc/8ADlT9K2kcqDB41ijZ38wNBhJzO7Jv\nHE80z6haCjZKaL5cD6DPWWDFvA5LRqyfCijxic/5QvV0S5m5PMlRLeMx5yxMI7gl\nrExWM0/1F2Y2iChhnNUUOb24rn49WObqrF2OjlkGqtMPj5lgjZdU+QA+9AK/Yh33\n4b1AN6scOFvn6lbBTMerU4QMbxbQf+2HPU7RGuOUupV5h6VbbxWjwoZ83i608du4\n9zVkgcHX83/tCbUk1v1uEQ9biQnTkc3gOniq8gRbwQCVwaBe2msTWMSmsbi6LTjH\n4Tsv0GKzYKG3N+vq3/9ZNKf5kL8qnnZCNkUjWu96IxXRHC8mUqgsh8/1+VX/s1YE\neWBI6IR5vxdxsXIj81hTvLmepD4Cg3gVmsCvPMEfU456OFOfxjdUEDPJT1IMrH8y\nSobbGlBXZ1VwjqsDyXeDu118YK1Az2yhRcZRwV4rdraQI0zukwKCAQEA53UvtYf/\njB1X9i0/DoBLFkrc3x1mWiqdA84e2PZtmrOnP45bxxzLOBDqJ09q1WvltuYiUmKH\nAS5iACNetpwg2c4lZQ2LL95CmCHU8Q85zFihA4D08ebb1MUQyr78vBU43cpTeRfu\nkzeb3gMWHkfe+AczZKc8qD+Nrl8LvwWMu+/gEmXnSkuNag0gUjMijr5o7d6e/Nim\nWXZ2EITngt0wp7LkZ1bgsV3zWzj2ywpdBLlbPT3jLKtTa0Nxdn9lFAx5fURqK4BE\nSDgzbLjeXS7/kOykHrSRU8vtLtXA/8BCiAb6sNDaEMvQxlxm85MGh8VQQXGtrjL7\nYwh5mbBvPSuT1wKCAQEAzy/8bHW50DpK91TrWuS0p5ffwb/uiI4xMzDJan9fjqrH\n8b+woy/JxtLo644/o7eX6cJ1CydfuGWAzssukZNZml4WB6J8Qk9kf3rov67k0hYc\n0PL/hwdBovMH44kea91dP+XJMRIEJ0ZyF8kCYP0DgE+ixXOwEjGqnVbSVzfdBHdh\n4fJfg9BmHiFVGzU5sXZlBEd+kxDW16XomvhG25y3a0KF9oeLaWwgEGY2sPZJfRAN\nqqN1zJih3FemyS3q9c3HQ/MCCLoOgb4xnx4FMnUW4YsRHfxi2KF1+N8liN06tXPa\nRuiiOXoFmLaf1v/6hvOCltLIX2225QjaetWziZHzhwKCAQEAqSBoDC2j/a4zaB8H\nxIDaXR+25RGGiLw6n10uDTuEO1arDzXmuke/9uflMXRGjEybPlpLGggEvkg2NAOk\nYasUFhMcIAsVeZTe9GtEPiDyCu94OCcy1M/sMj0NWBjWdFjNhMMi24kxO0GXE1MO\nBnJd6r7YPuQ03nwR+yhYXOyhOXK+OLNdnlw2qReOVoIm7kcURTw20Gs+ooB9JPT4\ndhdKRj/hxeElrnUILdAiBZs8/Qa0NLvUE//cpLRTZFMSeOPkojQroD3Jpzvp17f+\nQ/jjpfJEumsXBjQsy9xFepvyAZOX+zuhHETR+R/r2m/EhdEYI7n9PxzhtCutLzBN\nGFWPYQKCAQA/Az0mT3e/2LrMFkuuTTiUcCBhcNo/Nd/IzeG0PiD15wMAh2hVeUdI\n7QRh/9VjGYdeVQH77nGyR0yxmCIFrGboCA1zLPvVvwe1rc/z3GFDc+43rnAAxTg1\nMu0HSsCx1ZVyxZQ3FF+nAknY6g2LKehSseWzX8gBAJH/YFSAqkDSBu0CJxDdqhgk\nucaEi9+MFZILhyL733c4BwGDgFcsm7E9MfJEVF0WJwhpdGzVzVH0c1l0uFova4xu\n00mqjgiT0Y31IIdR2CRpWUsGNb8m5W2cEwuVrxjxAco7csKbqY0deqq8Pix4hqAF\nHiXm4dt0B8OD03+VZmzlo5evHCeKg5UpAoIBAQCOlrVOROOuJPLPIMWyXIVD6VhF\nxLs25fi6DGWaruiNxhF1+z0l9agSS/m8JV4SgLiKwqmjKMAq2GxRGA9EqMZZUUG8\n4nLgs8Lmb9R93fSyWkaV5/Fzqs0QYkOqtVvb+TSplNWGseymZJi85odhBErGuK1p\nA6pBdG1Iq05zTUzJkv1sqVOypXa4Hfb8MqYcw1NBjqpyhwo8E08yXQuJo/1cY1VB\nuP7TbUh3yW2oj22WhkpZUUx9RKd4SW/EGSehe7kQMx3qJpp6uw41omVdJChkGoWP\nsfX1uMSQBQScmnkWB3H5yQwhVFSVo3YPBdbWa8LQFS63rGQaGPEeuvD7go6w\n-----END RSA PRIVATE KEY-----\n",
            "private_key_pem_pkcs8": "-----BEGIN PRIVATE KEY-----\nMIIJQwIBADANBgkqhkiG9w0BAQEFAASCCS0wggkpAgEAAoICAQC7UyRQ9iL7bL2u\nEriXtqWmR3z92iLsOUwjP035rslqdO09bq5Ug1jv8CDNFoe0OWcAY7vRUa4tvbWR\nZ50IPIA3zfUcrExI59VkJAYcO3rdQOS5umVHtOdtS5ziut0auJfn2IeYHQVEwANQ\nVe+0Cm1cU6uIGeVKlzkcLhnaSSp9o+LxiEpQwN/xEZEtD/7jstLr3502RwJR/xLX\nmu30YGKC+R46mAUcYQ58TKZrQbLy8tJ83ikGYJUG8J/lzp/hUFazb3XAimK2BsrY\n+xXOync2tZ2OxG9uWMP6TRhxWzFXUnGO7nIQlv3ZZeDknI5dNt4YiOriFJbTy5gM\nVbyKHa8yCliR25z/rZlBgsa7igEmZP1id26RlKC/7iSTxSFqn1FgbN9VA9uGR/fY\nAlVXrUZg13I3qOfWcY0HiYlzNrU/bK0qwkqQX3QuIDnhQ4KZYQmuMNR81hTYtaqO\nv7dKspDEbKQ4axWIke43LXypdbRpjDnpIS0dGXbz50gXizYe0n3PZQZnxyAY+4wo\n6Y+bb41MS4Loreax3DLxZ34oLHxy3o91rxWjVVtKHRgNKfaD6RKmGBSq0A2J/fjO\nNopCBadhok5uIPJeRWElxPPXaH9+SAkekhsawNEtHDuBa/4qLSdIsKwvaER+t42v\njkzYAbIuT1FeI2JFhGwLM9vbaxcLYQIDAQABAoICABykQz6/y6x+vWfSw/eqfRx1\n/MYBpupQfnQ7Nyxwjaph025bsHsKlDwnjpRdGAW16ypTlYGVSBkFUzA20/tQ6Nff\nfVVTgNx62hVULrz9WTVgOTiup9K1ddcvwv6lzK3LwKo54M2gzk/rPfZ4FU0FdSAz\nSNxn/TeQ9LH62IgYPM92EfqVOKutOfBtm7F0qyfcjUR0beDBLbkk05g0v6JoZFeb\nSIRz/wAOVP0raRyoMHjWKNnfzA0GEnM7sm8cTzTPqFoKNkpovlwPoM9ZYMW8DktG\nrJ8KKPGJz/lC9XRLmbk8yVEt4zHnLEwjuCWsTFYzT/UXZjaIKGGc1RQ5vbiufj1Y\n5uqsXY6OWQaq0w+PmWCNl1T5AD70Ar9iHffhvUA3qxw4W+fqVsFMx6tThAxvFtB/\n7Yc9TtEa45S6lXmHpVtvFaPChnzeLrTx27j3NWSBwdfzf+0JtSTW/W4RD1uJCdOR\nzeA6eKryBFvBAJXBoF7aaxNYxKaxuLotOMfhOy/QYrNgobc36+rf/1k0p/mQvyqe\ndkI2RSNa73ojFdEcLyZSqCyHz/X5Vf+zVgR5YEjohHm/F3GxciPzWFO8uZ6kPgKD\neBWawK88wR9Tjno4U5/GN1QQM8lPUgysfzJKhtsaUFdnVXCOqwPJd4O7XXxgrUDP\nbKFFxlHBXit2tpAjTO6TAoIBAQDndS+1h/+MHVf2LT8OgEsWStzfHWZaKp0Dzh7Y\n9m2as6c/jlvHHMs4EOonT2rVa+W25iJSYocBLmIAI162nCDZziVlDYsv3kKYIdTx\nDznMWKEDgPTx5tvUxRDKvvy8FTjdylN5F+6TN5veAxYeR974BzNkpzyoP42uXwu/\nBYy77+ASZedKS41qDSBSMyKOvmjt3p782KZZdnYQhOeC3TCnsuRnVuCxXfNbOPbL\nCl0EuVs9PeMsq1NrQ3F2f2UUDHl9RGorgERIODNsuN5dLv+Q7KQetJFTy+0u1cD/\nwEKIBvqw0NoQy9DGXGbzkwaHxVBBca2uMvtjCHmZsG89K5PXAoIBAQDPL/xsdbnQ\nOkr3VOta5LSnl9/Bv+6IjjEzMMlqf1+Oqsfxv7CjL8nG0ujrjj+jt5fpwnULJ1+4\nZYDOyy6Rk1maXhYHonxCT2R/eui/ruTSFhzQ8v+HB0Gi8wfjiR5r3V0/5ckxEgQn\nRnIXyQJg/QOAT6LFc7ASMaqdVtJXN90Ed2Hh8l+D0GYeIVUbNTmxdmUER36TENbX\npeia+EbbnLdrQoX2h4tpbCAQZjaw9kl9EA2qo3XMmKHcV6bJLer1zcdD8wIIug6B\nvjGfHgUydRbhixEd/GLYoXX43yWI3Tq1c9pG6KI5egWYtp/W//qG84KW0shfbbbl\nCNp61bOJkfOHAoIBAQCpIGgMLaP9rjNoHwfEgNpdH7blEYaIvDqfXS4NO4Q7VqsP\nNea6R7/25+UxdEaMTJs+WksaCAS+SDY0A6RhqxQWExwgCxV5lN70a0Q+IPIK73g4\nJzLUz+wyPQ1YGNZ0WM2EwyLbiTE7QZcTUw4Gcl3qvtg+5DTefBH7KFhc7KE5cr44\ns12eXDapF45WgibuRxRFPDbQaz6igH0k9Ph2F0pGP+HF4SWudQgt0CIFmzz9BrQ0\nu9QT/9yktFNkUxJ44+SiNCugPcmnO+nXt/5D+OOl8kS6axcGNCzL3EV6m/IBk5f7\nO6EcRNH5H+vab8SF0Rgjuf0/HOG0K60vME0YVY9hAoIBAD8DPSZPd7/YuswWS65N\nOJRwIGFw2j8138jN4bQ+IPXnAwCHaFV5R0jtBGH/1WMZh15VAfvucbJHTLGYIgWs\nZugIDXMs+9W/B7Wtz/PcYUNz7jeucADFODUy7QdKwLHVlXLFlDcUX6cCSdjqDYsp\n6FKx5bNfyAEAkf9gVICqQNIG7QInEN2qGCS5xoSL34wVkguHIvvfdzgHAYOAVyyb\nsT0x8kRUXRYnCGl0bNXNUfRzWXS4Wi9rjG7TSaqOCJPRjfUgh1HYJGlZSwY1vybl\nbZwTC5WvGPEByjtywpupjR16qrw+LHiGoAUeJebh23QHw4PTf5VmbOWjl68cJ4qD\nlSkCggEBAI6WtU5E464k8s8gxbJchUPpWEXEuzbl+LoMZZqu6I3GEXX7PSX1qBJL\n+bwlXhKAuIrCqaMowCrYbFEYD0SoxllRQbzicuCzwuZv1H3d9LJaRpXn8XOqzRBi\nQ6q1W9v5NKmU1Yax7KZkmLzmh2EESsa4rWkDqkF0bUirTnNNTMmS/WypU7Kldrgd\n9vwyphzDU0GOqnKHCjwTTzJdC4mj/VxjVUG4/tNtSHfJbaiPbZaGSllRTH1Ep3hJ\nb8QZJ6F7uRAzHeommnq7DjWiZV0kKGQahY+x9fW4xJAFBJyaeRYHcfnJDCFUVJWj\ndg8F1tZrwtAVLresZBoY8R668PuCjrA=\n-----END PRIVATE KEY-----\n",
            "public_key_fingerprint_md5": "1a:1a:92:30:da:15:a8:70:32:b1:81:aa:6d:7f:a5:68",
            "public_key_fingerprint_sha256": "SHA256:SiT9rgdndjPsZgAbLNlI1lKtsNUVozgZf5Dm4gykb4Q",
            "public_key_openssh": "ssh-rsa AAAAB3NzaC1yc2EAAAADAQABAAACAQC7UyRQ9iL7bL2uEriXtqWmR3z92iLsOUwjP035rslqdO09bq5Ug1jv8CDNFoe0OWcAY7vRUa4tvbWRZ50IPIA3zfUcrExI59VkJAYcO3rdQOS5umVHtOdtS5ziut0auJfn2IeYHQVEwANQVe+0Cm1cU6uIGeVKlzkcLhnaSSp9o+LxiEpQwN/xEZEtD/7jstLr3502RwJR/xLXmu30YGKC+R46mAUcYQ58TKZrQbLy8tJ83ikGYJUG8J/lzp/hUFazb3XAimK2BsrY+xXOync2tZ2OxG9uWMP6TRhxWzFXUnGO7nIQlv3ZZeDknI5dNt4YiOriFJbTy5gMVbyKHa8yCliR25z/rZlBgsa7igEmZP1id26RlKC/7iSTxSFqn1FgbN9VA9uGR/fYAlVXrUZg13I3qOfWcY0HiYlzNrU/bK0qwkqQX3QuIDnhQ4KZYQmuMNR81hTYtaqOv7dKspDEbKQ4axWIke43LXypdbRpjDnpIS0dGXbz50gXizYe0n3PZQZnxyAY+4wo6Y+bb41MS4Loreax3DLxZ34oLHxy3o91rxWjVVtKHRgNKfaD6RKmGBSq0A2J/fjONopCBadhok5uIPJeRWElxPPXaH9+SAkekhsawNEtHDuBa/4qLSdIsKwvaER+t42vjkzYAbIuT1FeI2JFhGwLM9vbaxcLYQ==\n",
            "public_key_pem": "-----BEGIN PUBLIC KEY-----\nMIICIjANBgkqhkiG9w0BAQEFAAOCAg8AMIICCgKCAgEAu1MkUPYi+2y9rhK4l7al\npkd8/doi7DlMIz9N+a7JanTtPW6uVINY7/AgzRaHtDlnAGO70VGuLb21kWedCDyA\nN831HKxMSOfVZCQGHDt63UDkubplR7TnbUuc4rrdGriX59iHmB0FRMADUFXvtApt\nXFOriBnlSpc5HC4Z2kkqfaPi8YhKUMDf8RGRLQ/+47LS69+dNkcCUf8S15rt9GBi\ngvkeOpgFHGEOfEyma0Gy8vLSfN4pBmCVBvCf5c6f4VBWs291wIpitgbK2PsVzsp3\nNrWdjsRvbljD+k0YcVsxV1Jxju5yEJb92WXg5JyOXTbeGIjq4hSW08uYDFW8ih2v\nMgpYkduc/62ZQYLGu4oBJmT9YndukZSgv+4kk8Uhap9RYGzfVQPbhkf32AJVV61G\nYNdyN6jn1nGNB4mJcza1P2ytKsJKkF90LiA54UOCmWEJrjDUfNYU2LWqjr+3SrKQ\nxGykOGsViJHuNy18qXW0aYw56SEtHRl28+dIF4s2HtJ9z2UGZ8cgGPuMKOmPm2+N\nTEuC6K3msdwy8Wd+KCx8ct6Pda8Vo1VbSh0YDSn2g+kSphgUqtANif34zjaKQgWn\nYaJObiDyXkVhJcTz12h/fkgJHpIbGsDRLRw7gWv+Ki0nSLCsL2hEfreNr45M2AGy\nLk9RXiNiRYRsCzPb22sXC2ECAwEAAQ==\n-----END PUBLIC KEY-----\n",
            "rsa_bits": 4096
          },
          "sensitive_attributes": []
        }
      ]
    },
    {
      "module": "module.security_group",
      "mode": "managed",
      "type": "aws_security_group",
      "name": "main",
      "provider": "provider[\"registry.terraform.io/hashicorp/aws\"]",
      "instances": [
        {
          "schema_version": 1,
          "attributes": {
            "arn": "arn:aws:ec2:ap-south-1:713332525261:security-group/sg-0959cf47ea189526d",
            "description": "Managed by Terraform",
            "egress": [
              {
                "cidr_blocks": [
                  "0.0.0.0/0"
                ],
                "description": "",
                "from_port": 0,
                "ipv6_cidr_blocks": [],
                "prefix_list_ids": [],
                "protocol": "-1",
                "security_groups": [],
                "self": false,
                "to_port": 0
              }
            ],
            "id": "sg-0959cf47ea189526d",
            "ingress": [
              {
                "cidr_blocks": [
                  "0.0.0.0/0"
                ],
                "description": "HTTP",
                "from_port": 80,
                "ipv6_cidr_blocks": [],
                "prefix_list_ids": [],
                "protocol": "tcp",
                "security_groups": [],
                "self": false,
                "to_port": 80
              },
              {
                "cidr_blocks": [
                  "0.0.0.0/0"
                ],
                "description": "HTTPS",
                "from_port": 443,
                "ipv6_cidr_blocks": [],
                "prefix_list_ids": [],
                "protocol": "tcp",
                "security_groups": [],
                "self": false,
                "to_port": 443
              },
              {
                "cidr_blocks": [
                  "0.0.0.0/0"
                ],
                "description": "Kubernetes API",
                "from_port": 6443,
                "ipv6_cidr_blocks": [],
                "prefix_list_ids": [],
                "protocol": "tcp",
                "security_groups": [],
                "self": false,
                "to_port": 6443
              },
              {
                "cidr_blocks": [
                  "0.0.0.0/0"
                ],
                "description": "NodePort",
                "from_port": 30000,
                "ipv6_cidr_blocks": [],
                "prefix_list_ids": [],
                "protocol": "tcp",
                "security_groups": [],
                "self": false,
                "to_port": 32767
              },
              {
                "cidr_blocks": [
                  "0.0.0.0/0"
                ],
                "description": "SSH",
                "from_port": 22,
                "ipv6_cidr_blocks": [],
                "prefix_list_ids": [],
                "protocol": "tcp",
                "security_groups": [],
                "self": false,
                "to_port": 22
              }
            ],
            "name": "k8s-sg",
            "name_prefix": "",
            "owner_id": "713332525261",
            "revoke_rules_on_delete": false,
            "tags": {},
            "tags_all": {},
            "timeouts": null,
            "vpc_id": "vpc-099c868a46c65abe1"
          },
          "sensitive_attributes": [],
          "private": "eyJlMmJmYjczMC1lY2FhLTExZTYtOGY4OC0zNDM2M2JjN2M0YzAiOnsiY3JlYXRlIjo2MDAwMDAwMDAwMDAsImRlbGV0ZSI6OTAwMDAwMDAwMDAwfSwic2NoZW1hX3ZlcnNpb24iOiIxIn0=",
          "dependencies": [
            "module.vpc.aws_vpc.main"
          ]
        }
      ]
    },
    {
      "module": "module.vpc",
      "mode": "managed",
      "type": "aws_internet_gateway",
      "name": "gw",
      "provider": "provider[\"registry.terraform.io/hashicorp/aws\"]",
      "instances": [
        {
          "schema_version": 0,
          "attributes": {
            "arn": "arn:aws:ec2:ap-south-1:713332525261:internet-gateway/igw-07541d7c1f77e6da9",
            "id": "igw-07541d7c1f77e6da9",
            "owner_id": "713332525261",
            "tags": {
              "Name": "k8s-igw"
            },
            "tags_all": {
              "Name": "k8s-igw"
            },
            "timeouts": null,
            "vpc_id": "vpc-099c868a46c65abe1"
          },
          "sensitive_attributes": [],
          "private": "eyJlMmJmYjczMC1lY2FhLTExZTYtOGY4OC0zNDM2M2JjN2M0YzAiOnsiY3JlYXRlIjoxMjAwMDAwMDAwMDAwLCJkZWxldGUiOjEyMDAwMDAwMDAwMDAsInVwZGF0ZSI6MTIwMDAwMDAwMDAwMH19",
          "dependencies": [
            "module.vpc.aws_vpc.main"
          ]
        }
      ]
    },
    {
      "module": "module.vpc",
      "mode": "managed",
      "type": "aws_route",
      "name": "internet_access",
      "provider": "provider[\"registry.terraform.io/hashicorp/aws\"]",
      "instances": [
        {
          "schema_version": 0,
          "attributes": {
            "carrier_gateway_id": "",
            "core_network_arn": "",
            "destination_cidr_block": "0.0.0.0/0",
            "destination_ipv6_cidr_block": "",
            "destination_prefix_list_id": "",
            "egress_only_gateway_id": "",
            "gateway_id": "igw-07541d7c1f77e6da9",
            "id": "r-rtb-041989a2eed6ecde11080289494",
            "instance_id": "",
            "instance_owner_id": "",
            "local_gateway_id": "",
            "nat_gateway_id": "",
            "network_interface_id": "",
            "origin": "CreateRoute",
            "route_table_id": "rtb-041989a2eed6ecde1",
            "state": "active",
            "timeouts": null,
            "transit_gateway_id": "",
            "vpc_endpoint_id": "",
            "vpc_peering_connection_id": ""
          },
          "sensitive_attributes": [],
          "private": "eyJlMmJmYjczMC1lY2FhLTExZTYtOGY4OC0zNDM2M2JjN2M0YzAiOnsiY3JlYXRlIjozMDAwMDAwMDAwMDAsImRlbGV0ZSI6MzAwMDAwMDAwMDAwLCJ1cGRhdGUiOjEyMDAwMDAwMDAwMH19",
          "dependencies": [
            "module.vpc.aws_internet_gateway.gw",
            "module.vpc.aws_route_table.rt",
            "module.vpc.aws_vpc.main"
          ]
        }
      ]
    },
    {
      "module": "module.vpc",
      "mode": "managed",
      "type": "aws_route_table",
      "name": "rt",
      "provider": "provider[\"registry.terraform.io/hashicorp/aws\"]",
      "instances": [
        {
          "schema_version": 0,
          "attributes": {
            "arn": "arn:aws:ec2:ap-south-1:713332525261:route-table/rtb-041989a2eed6ecde1",
            "id": "rtb-041989a2eed6ecde1",
            "owner_id": "713332525261",
            "propagating_vgws": [],
            "route": [
              {
                "carrier_gateway_id": "",
                "cidr_block": "0.0.0.0/0",
                "core_network_arn": "",
                "destination_prefix_list_id": "",
                "egress_only_gateway_id": "",
                "gateway_id": "igw-07541d7c1f77e6da9",
                "ipv6_cidr_block": "",
                "local_gateway_id": "",
                "nat_gateway_id": "",
                "network_interface_id": "",
                "transit_gateway_id": "",
                "vpc_endpoint_id": "",
                "vpc_peering_connection_id": ""
              }
            ],
            "tags": {
              "Name": "k8s-public-rt"
            },
            "tags_all": {
              "Name": "k8s-public-rt"
            },
            "timeouts": null,
            "vpc_id": "vpc-099c868a46c65abe1"
          },
          "sensitive_attributes": [],
          "private": "eyJlMmJmYjczMC1lY2FhLTExZTYtOGY4OC0zNDM2M2JjN2M0YzAiOnsiY3JlYXRlIjozMDAwMDAwMDAwMDAsImRlbGV0ZSI6MzAwMDAwMDAwMDAwLCJ1cGRhdGUiOjEyMDAwMDAwMDAwMH19",
          "dependencies": [
            "module.vpc.aws_vpc.main"
          ]
        }
      ]
    },
    {
      "module": "module.vpc",
      "mode": "managed",
      "type": "aws_route_table_association",
      "name": "rta",
      "provider": "provider[\"registry.terraform.io/hashicorp/aws\"]",
      "instances": [
        {
          "schema_version": 0,
          "attributes": {
            "gateway_id": "",
            "id": "rtbassoc-0b05c3c904c98db58",
            "route_table_id": "rtb-041989a2eed6ecde1",
            "subnet_id": "subnet-06d9da43d8be5a39a",
            "timeouts": null
          },
          "sensitive_attributes": [],
          "private": "eyJlMmJmYjczMC1lY2FhLTExZTYtOGY4OC0zNDM2M2JjN2M0YzAiOnsiY3JlYXRlIjozMDAwMDAwMDAwMDAsImRlbGV0ZSI6MzAwMDAwMDAwMDAwLCJ1cGRhdGUiOjEyMDAwMDAwMDAwMH19",
          "dependencies": [
            "module.vpc.aws_route_table.rt",
            "module.vpc.aws_subnet.public",
            "module.vpc.aws_vpc.main"
          ]
        }
      ]
    },
    {
      "module": "module.vpc",
      "mode": "managed",
      "type": "aws_subnet",
      "name": "public",
      "provider": "provider[\"registry.terraform.io/hashicorp/aws\"]",
      "instances": [
        {
          "schema_version": 1,
          "attributes": {
            "arn": "arn:aws:ec2:ap-south-1:713332525261:subnet/subnet-06d9da43d8be5a39a",
            "assign_ipv6_address_on_creation": false,
            "availability_zone": "ap-south-1a",
            "availability_zone_id": "aps1-az1",
            "cidr_block": "10.0.1.0/24",
            "customer_owned_ipv4_pool": "",
            "enable_dns64": false,
            "enable_lni_at_device_index": 0,
            "enable_resource_name_dns_a_record_on_launch": false,
            "enable_resource_name_dns_aaaa_record_on_launch": false,
            "id": "subnet-06d9da43d8be5a39a",
            "ipv6_cidr_block": "",
            "ipv6_cidr_block_association_id": "",
            "ipv6_native": false,
            "map_customer_owned_ip_on_launch": false,
            "map_public_ip_on_launch": true,
            "outpost_arn": "",
            "owner_id": "713332525261",
            "private_dns_hostname_type_on_launch": "ip-name",
            "tags": {
              "Name": "k8s-public-subnet"
            },
            "tags_all": {
              "Name": "k8s-public-subnet"
            },
            "timeouts": null,
            "vpc_id": "vpc-099c868a46c65abe1"
          },
          "sensitive_attributes": [],
          "private": "eyJlMmJmYjczMC1lY2FhLTExZTYtOGY4OC0zNDM2M2JjN2M0YzAiOnsiY3JlYXRlIjo2MDAwMDAwMDAwMDAsImRlbGV0ZSI6MTIwMDAwMDAwMDAwMH0sInNjaGVtYV92ZXJzaW9uIjoiMSJ9",
          "dependencies": [
            "module.vpc.aws_vpc.main"
          ]
        }
      ]
    },
    {
      "module": "module.vpc",
      "mode": "managed",
      "type": "aws_vpc",
      "name": "main",
      "provider": "provider[\"registry.terraform.io/hashicorp/aws\"]",
      "instances": [
        {
          "schema_version": 1,
          "attributes": {
            "arn": "arn:aws:ec2:ap-south-1:713332525261:vpc/vpc-099c868a46c65abe1",
            "assign_generated_ipv6_cidr_block": false,
            "cidr_block": "10.0.0.0/16",
            "default_network_acl_id": "acl-01eef3094e6c726ed",
            "default_route_table_id": "rtb-069e3593fbefe7d98",
            "default_security_group_id": "sg-000a4ad9aca995c0d",
            "dhcp_options_id": "dopt-0c82bbfd242e8d49d",
            "enable_dns_hostnames": true,
            "enable_dns_support": true,
            "enable_network_address_usage_metrics": false,
            "id": "vpc-099c868a46c65abe1",
            "instance_tenancy": "default",
            "ipv4_ipam_pool_id": null,
            "ipv4_netmask_length": null,
            "ipv6_association_id": "",
            "ipv6_cidr_block": "",
            "ipv6_cidr_block_network_border_group": "",
            "ipv6_ipam_pool_id": "",
            "ipv6_netmask_length": 0,
            "main_route_table_id": "rtb-069e3593fbefe7d98",
            "owner_id": "713332525261",
            "tags": {
              "Name": "k8s-vpc"
            },
            "tags_all": {
              "Name": "k8s-vpc"
            }
          },
          "sensitive_attributes": [],
          "private": "eyJzY2hlbWFfdmVyc2lvbiI6IjEifQ=="
        }
      ]
    }
  ],
  "check_results": null
}
