{
  "version": 4,
  "terraform_version": "1.6.6",
  "serial": 27,
  "lineage": "624b96bb-b829-6c8c-6593-76a9a40e059e",
  "outputs": {
    "master_public_ip": {
      "value": "13.206.146.40",
      "type": "string"
    },
    "worker1_public_ip": {
      "value": "52.66.17.113",
      "type": "string"
    },
    "worker2_public_ip": {
      "value": "13.234.37.146",
      "type": "string"
    }
  },
  "resources": [
    {
      "module": "module.ec2",
      "mode": "managed",
      "type": "aws_instance",
      "name": "master",
      "provider": "provider[\"registry.terraform.io/hashicorp/aws\"]",
      "instances": [
        {
          "schema_version": 1,
          "attributes": {
            "ami": "ami-0522ab6e1ddcc7055",
            "arn": "arn:aws:ec2:ap-south-1:713332525261:instance/i-0d9fcc69dd665af7e",
            "associate_public_ip_address": true,
            "availability_zone": "ap-south-1a",
            "capacity_reservation_specification": [
              {
                "capacity_reservation_preference": "open",
                "capacity_reservation_target": []
              }
            ],
            "cpu_core_count": 2,
            "cpu_options": [
              {
                "amd_sev_snp": "",
                "core_count": 2,
                "threads_per_core": 1
              }
            ],
            "cpu_threads_per_core": 1,
            "credit_specification": [
              {
                "cpu_credits": "standard"
              }
            ],
            "disable_api_stop": false,
            "disable_api_termination": false,
            "ebs_block_device": [],
            "ebs_optimized": false,
            "enable_primary_ipv6": null,
            "enclave_options": [
              {
                "enabled": false
              }
            ],
            "ephemeral_block_device": [],
            "get_password_data": false,
            "hibernation": false,
            "host_id": "",
            "host_resource_group_arn": null,
            "iam_instance_profile": "",
            "id": "i-0d9fcc69dd665af7e",
            "instance_initiated_shutdown_behavior": "stop",
            "instance_lifecycle": "",
            "instance_market_options": [],
            "instance_state": "running",
            "instance_type": "t2.medium",
            "ipv6_address_count": 0,
            "ipv6_addresses": [],
            "key_name": "k8s-jenkins-key",
            "launch_template": [],
            "maintenance_options": [
              {
                "auto_recovery": "default"
              }
            ],
            "metadata_options": [
              {
                "http_endpoint": "enabled",
                "http_protocol_ipv6": "disabled",
                "http_put_response_hop_limit": 2,
                "http_tokens": "required",
                "instance_metadata_tags": "disabled"
              }
            ],
            "monitoring": false,
            "network_interface": [],
            "outpost_arn": "",
            "password_data": "",
            "placement_group": "",
            "placement_partition_number": 0,
            "primary_network_interface_id": "eni-0801059a22087d2be",
            "private_dns": "ip-10-0-1-39.ap-south-1.compute.internal",
            "private_dns_name_options": [
              {
                "enable_resource_name_dns_a_record": false,
                "enable_resource_name_dns_aaaa_record": false,
                "hostname_type": "ip-name"
              }
            ],
            "private_ip": "10.0.1.39",
            "public_dns": "ec2-13-206-146-40.ap-south-1.compute.amazonaws.com",
            "public_ip": "13.206.146.40",
            "root_block_device": [
              {
                "delete_on_termination": true,
                "device_name": "/dev/sda1",
                "encrypted": false,
                "iops": 3000,
                "kms_key_id": "",
                "tags": {},
                "tags_all": {},
                "throughput": 125,
                "volume_id": "vol-0db78d417a9b1fe7d",
                "volume_size": 8,
                "volume_type": "gp3"
              }
            ],
            "secondary_private_ips": [],
            "security_groups": [],
            "source_dest_check": true,
            "spot_instance_request_id": "",
            "subnet_id": "subnet-028cda964bd583c87",
            "tags": {
              "Name": "k8s-master"
            },
            "tags_all": {
              "Name": "k8s-master"
            },
            "tenancy": "default",
            "timeouts": null,
            "user_data": null,
            "user_data_base64": null,
            "user_data_replace_on_change": false,
            "volume_tags": null,
            "vpc_security_group_ids": [
              "sg-008cb7301fe11acf2"
            ]
          },
          "sensitive_attributes": [],
          "private": "eyJlMmJmYjczMC1lY2FhLTExZTYtOGY4OC0zNDM2M2JjN2M0YzAiOnsiY3JlYXRlIjo2MDAwMDAwMDAwMDAsImRlbGV0ZSI6MTIwMDAwMDAwMDAwMCwicmVhZCI6OTAwMDAwMDAwMDAwLCJ1cGRhdGUiOjYwMDAwMDAwMDAwMH0sInNjaGVtYV92ZXJzaW9uIjoiMSJ9",
          "dependencies": [
            "module.keypair.aws_key_pair.generated",
            "module.keypair.local_file.private_key",
            "module.keypair.tls_private_key.rsa",
            "module.security_group.aws_security_group.main",
            "module.vpc.aws_subnet.public",
            "module.vpc.aws_vpc.main"
          ]
        }
      ]
    },
    {
      "module": "module.ec2",
      "mode": "managed",
      "type": "aws_instance",
      "name": "worker1",
      "provider": "provider[\"registry.terraform.io/hashicorp/aws\"]",
      "instances": [
        {
          "schema_version": 1,
          "attributes": {
            "ami": "ami-0522ab6e1ddcc7055",
            "arn": "arn:aws:ec2:ap-south-1:713332525261:instance/i-0dcbdf0367dda29ae",
            "associate_public_ip_address": true,
            "availability_zone": "ap-south-1a",
            "capacity_reservation_specification": [
              {
                "capacity_reservation_preference": "open",
                "capacity_reservation_target": []
              }
            ],
            "cpu_core_count": 1,
            "cpu_options": [
              {
                "amd_sev_snp": "",
                "core_count": 1,
                "threads_per_core": 1
              }
            ],
            "cpu_threads_per_core": 1,
            "credit_specification": [
              {
                "cpu_credits": "standard"
              }
            ],
            "disable_api_stop": false,
            "disable_api_termination": false,
            "ebs_block_device": [],
            "ebs_optimized": false,
            "enable_primary_ipv6": null,
            "enclave_options": [
              {
                "enabled": false
              }
            ],
            "ephemeral_block_device": [],
            "get_password_data": false,
            "hibernation": false,
            "host_id": "",
            "host_resource_group_arn": null,
            "iam_instance_profile": "",
            "id": "i-0dcbdf0367dda29ae",
            "instance_initiated_shutdown_behavior": "stop",
            "instance_lifecycle": "",
            "instance_market_options": [],
            "instance_state": "running",
            "instance_type": "t2.micro",
            "ipv6_address_count": 0,
            "ipv6_addresses": [],
            "key_name": "k8s-jenkins-key",
            "launch_template": [],
            "maintenance_options": [
              {
                "auto_recovery": "default"
              }
            ],
            "metadata_options": [
              {
                "http_endpoint": "enabled",
                "http_protocol_ipv6": "disabled",
                "http_put_response_hop_limit": 2,
                "http_tokens": "required",
                "instance_metadata_tags": "disabled"
              }
            ],
            "monitoring": false,
            "network_interface": [],
            "outpost_arn": "",
            "password_data": "",
            "placement_group": "",
            "placement_partition_number": 0,
            "primary_network_interface_id": "eni-09a4987dfc3a024f4",
            "private_dns": "ip-10-0-1-53.ap-south-1.compute.internal",
            "private_dns_name_options": [
              {
                "enable_resource_name_dns_a_record": false,
                "enable_resource_name_dns_aaaa_record": false,
                "hostname_type": "ip-name"
              }
            ],
            "private_ip": "10.0.1.53",
            "public_dns": "ec2-52-66-17-113.ap-south-1.compute.amazonaws.com",
            "public_ip": "52.66.17.113",
            "root_block_device": [
              {
                "delete_on_termination": true,
                "device_name": "/dev/sda1",
                "encrypted": false,
                "iops": 3000,
                "kms_key_id": "",
                "tags": {},
                "tags_all": {},
                "throughput": 125,
                "volume_id": "vol-00444f4b80535b7a4",
                "volume_size": 8,
                "volume_type": "gp3"
              }
            ],
            "secondary_private_ips": [],
            "security_groups": [],
            "source_dest_check": true,
            "spot_instance_request_id": "",
            "subnet_id": "subnet-028cda964bd583c87",
            "tags": {
              "Name": "k8s-worker-1"
            },
            "tags_all": {
              "Name": "k8s-worker-1"
            },
            "tenancy": "default",
            "timeouts": null,
            "user_data": null,
            "user_data_base64": null,
            "user_data_replace_on_change": false,
            "volume_tags": null,
            "vpc_security_group_ids": [
              "sg-008cb7301fe11acf2"
            ]
          },
          "sensitive_attributes": [],
          "private": "eyJlMmJmYjczMC1lY2FhLTExZTYtOGY4OC0zNDM2M2JjN2M0YzAiOnsiY3JlYXRlIjo2MDAwMDAwMDAwMDAsImRlbGV0ZSI6MTIwMDAwMDAwMDAwMCwicmVhZCI6OTAwMDAwMDAwMDAwLCJ1cGRhdGUiOjYwMDAwMDAwMDAwMH0sInNjaGVtYV92ZXJzaW9uIjoiMSJ9",
          "dependencies": [
            "module.keypair.aws_key_pair.generated",
            "module.keypair.local_file.private_key",
            "module.keypair.tls_private_key.rsa",
            "module.security_group.aws_security_group.main",
            "module.vpc.aws_subnet.public",
            "module.vpc.aws_vpc.main"
          ]
        }
      ]
    },
    {
      "module": "module.ec2",
      "mode": "managed",
      "type": "aws_instance",
      "name": "worker2",
      "provider": "provider[\"registry.terraform.io/hashicorp/aws\"]",
      "instances": [
        {
          "schema_version": 1,
          "attributes": {
            "ami": "ami-0522ab6e1ddcc7055",
            "arn": "arn:aws:ec2:ap-south-1:713332525261:instance/i-00b4c92c27bf5e6e3",
            "associate_public_ip_address": true,
            "availability_zone": "ap-south-1a",
            "capacity_reservation_specification": [
              {
                "capacity_reservation_preference": "open",
                "capacity_reservation_target": []
              }
            ],
            "cpu_core_count": 1,
            "cpu_options": [
              {
                "amd_sev_snp": "",
                "core_count": 1,
                "threads_per_core": 1
              }
            ],
            "cpu_threads_per_core": 1,
            "credit_specification": [
              {
                "cpu_credits": "standard"
              }
            ],
            "disable_api_stop": false,
            "disable_api_termination": false,
            "ebs_block_device": [],
            "ebs_optimized": false,
            "enable_primary_ipv6": null,
            "enclave_options": [
              {
                "enabled": false
              }
            ],
            "ephemeral_block_device": [],
            "get_password_data": false,
            "hibernation": false,
            "host_id": "",
            "host_resource_group_arn": null,
            "iam_instance_profile": "",
            "id": "i-00b4c92c27bf5e6e3",
            "instance_initiated_shutdown_behavior": "stop",
            "instance_lifecycle": "",
            "instance_market_options": [],
            "instance_state": "running",
            "instance_type": "t2.micro",
            "ipv6_address_count": 0,
            "ipv6_addresses": [],
            "key_name": "k8s-jenkins-key",
            "launch_template": [],
            "maintenance_options": [
              {
                "auto_recovery": "default"
              }
            ],
            "metadata_options": [
              {
                "http_endpoint": "enabled",
                "http_protocol_ipv6": "disabled",
                "http_put_response_hop_limit": 2,
                "http_tokens": "required",
                "instance_metadata_tags": "disabled"
              }
            ],
            "monitoring": false,
            "network_interface": [],
            "outpost_arn": "",
            "password_data": "",
            "placement_group": "",
            "placement_partition_number": 0,
            "primary_network_interface_id": "eni-04ff8d570a189e3ef",
            "private_dns": "ip-10-0-1-17.ap-south-1.compute.internal",
            "private_dns_name_options": [
              {
                "enable_resource_name_dns_a_record": false,
                "enable_resource_name_dns_aaaa_record": false,
                "hostname_type": "ip-name"
              }
            ],
            "private_ip": "10.0.1.17",
            "public_dns": "ec2-13-234-37-146.ap-south-1.compute.amazonaws.com",
            "public_ip": "13.234.37.146",
            "root_block_device": [
              {
                "delete_on_termination": true,
                "device_name": "/dev/sda1",
                "encrypted": false,
                "iops": 3000,
                "kms_key_id": "",
                "tags": {},
                "tags_all": {},
                "throughput": 125,
                "volume_id": "vol-068c9a4254e5efdab",
                "volume_size": 8,
                "volume_type": "gp3"
              }
            ],
            "secondary_private_ips": [],
            "security_groups": [],
            "source_dest_check": true,
            "spot_instance_request_id": "",
            "subnet_id": "subnet-028cda964bd583c87",
            "tags": {
              "Name": "k8s-worker-2"
            },
            "tags_all": {
              "Name": "k8s-worker-2"
            },
            "tenancy": "default",
            "timeouts": null,
            "user_data": null,
            "user_data_base64": null,
            "user_data_replace_on_change": false,
            "volume_tags": null,
            "vpc_security_group_ids": [
              "sg-008cb7301fe11acf2"
            ]
          },
          "sensitive_attributes": [],
          "private": "eyJlMmJmYjczMC1lY2FhLTExZTYtOGY4OC0zNDM2M2JjN2M0YzAiOnsiY3JlYXRlIjo2MDAwMDAwMDAwMDAsImRlbGV0ZSI6MTIwMDAwMDAwMDAwMCwicmVhZCI6OTAwMDAwMDAwMDAwLCJ1cGRhdGUiOjYwMDAwMDAwMDAwMH0sInNjaGVtYV92ZXJzaW9uIjoiMSJ9",
          "dependencies": [
            "module.keypair.aws_key_pair.generated",
            "module.keypair.local_file.private_key",
            "module.keypair.tls_private_key.rsa",
            "module.security_group.aws_security_group.main",
            "module.vpc.aws_subnet.public",
            "module.vpc.aws_vpc.main"
          ]
        }
      ]
    },
    {
      "module": "module.keypair",
      "mode": "managed",
      "type": "aws_key_pair",
      "name": "generated",
      "provider": "provider[\"registry.terraform.io/hashicorp/aws\"]",
      "instances": [
        {
          "schema_version": 1,
          "attributes": {
            "arn": "arn:aws:ec2:ap-south-1:713332525261:key-pair/k8s-jenkins-key",
            "fingerprint": "72:30:cf:5e:f3:a0:7f:bb:06:12:3a:fc:85:57:35:5f",
            "id": "k8s-jenkins-key",
            "key_name": "k8s-jenkins-key",
            "key_name_prefix": "",
            "key_pair_id": "key-03f7593b698a9a513",
            "key_type": "rsa",
            "public_key": "ssh-rsa AAAAB3NzaC1yc2EAAAADAQABAAACAQDTLyv5uzpHURBYqF4IRKstNabKWBd+avwgEgoe70FIR3N2kgwF4QXieBSAykrXMTMW6r8hfS9l1mM4FgqGyYyDQ6dWx9ZBBpzi5Brd74Bs6ropIsvE0wH/y4T56oW6sb+E7rETeaOFsrTie8XHfqPan7TIMWb3+Fcja9kd2I0APp39/yuhHChsDfkb1T91eGNl6i+Je/AHvZmHL8s3XXa+QH052VmO2kp1diZCGTQtu2WfjhIvt6jXlAlf0Njtd+awFc1M1IpVFQ+CIlKv6x/Xmt4fqLWe0boqw2q0iIXsMwVelSjjCRI2ccbxybW7UYDMw8Sv0oUGEzVBg9uHlzkEWg2KDknPvkl/v153Vflxwl3yYlpL+/L553eyA/sTfN1GhvrbZ8zIuB1ekhdkyAzlEq1HFicNbo9S3nq59wnIZih0kjP0WgSTrFTxHHotAmnLzAuGYZK58lkWbMbaBipCZBUIguxFq4uNYi2gX9mz7JWAa5Ku2D5Zt702DL/w4D2WL4FPyyl1wdxdEvroPaGxd2iXFebE0KEw/P0qepAwcpkV+K3b+5rWysdC9AbQXGR2/58VcdWBlTeuenUtVvplgPfsuNwjk+6lUbpJmOIbTvg/IgSN6zyaMfc2/XMzS2hxWRZ9ulk1yz6hXcHT60uuAT3mCF8j4UJ8JbxTl1qE3Q==",
            "tags": {},
            "tags_all": {}
          },
          "sensitive_attributes": [],
          "private": "eyJzY2hlbWFfdmVyc2lvbiI6IjEifQ==",
          "dependencies": [
            "module.keypair.tls_private_key.rsa"
          ]
        }
      ]
    },
    {
      "module": "module.keypair",
      "mode": "managed",
      "type": "local_file",
      "name": "private_key",
      "provider": "provider[\"registry.terraform.io/hashicorp/local\"]",
      "instances": [
        {
          "schema_version": 0,
          "attributes": {
            "content": "-----BEGIN RSA PRIVATE KEY-----\nMIIJKAIBAAKCAgEA0y8r+bs6R1EQWKheCESrLTWmylgXfmr8IBIKHu9BSEdzdpIM\nBeEF4ngUgMpK1zEzFuq/IX0vZdZjOBYKhsmMg0OnVsfWQQac4uQa3e+AbOq6KSLL\nxNMB/8uE+eqFurG/hO6xE3mjhbK04nvFx36j2p+0yDFm9/hXI2vZHdiNAD6d/f8r\noRwobA35G9U/dXhjZeoviXvwB72Zhy/LN112vkB9OdlZjtpKdXYmQhk0Lbtln44S\nL7eo15QJX9DY7XfmsBXNTNSKVRUPgiJSr+sf15reH6i1ntG6KsNqtIiF7DMFXpUo\n4wkSNnHG8cm1u1GAzMPEr9KFBhM1QYPbh5c5BFoNig5Jz75Jf79ed1X5ccJd8mJa\nS/vy+ed3sgP7E3zdRob622fMyLgdXpIXZMgM5RKtRxYnDW6PUt56ufcJyGYodJIz\n9FoEk6xU8Rx6LQJpy8wLhmGSufJZFmzG2gYqQmQVCILsRauLjWItoF/Zs+yVgGuS\nrtg+Wbe9Ngy/8OA9li+BT8spdcHcXRL66D2hsXdolxXmxNChMPz9KnqQMHKZFfit\n2/ua1srHQvQG0Fxkdv+fFXHVgZU3rnp1LVb6ZYD37LjcI5PupVG6SZjiG074PyIE\njes8mjH3Nv1zM0tocVkWfbpZNcs+oV3B0+tLrgE95ghfI+FCfCW8U5dahN0CAwEA\nAQKCAgBTsjbN/y9uM0j0simuQjTLMp+7QuVww0rQFQYw02a+lB7FJ8WfENsJsciC\ncGnv1j5mvztntNrzk993y3h5iehn34izAnk+BTZpT7j8K17tC6wjAHjctTnuHEVD\n3PgKEUcTkpvYWZV+t+ArgJ1WXrDmxPPbgYTLEv/J+ISwaPIc3jQ0hYxPij7U8EbB\niqbfUgqmygT0CowLLU/q/XyfISod5aYbprHxRT9MRTqNaLq+wy3X6fD4O2QtqCx8\n7mMC3kmtkL5wTC3U4Ydnbl3x/Y/9nZGZ3323h2wuZYtlKFRXU7M1lI0DScWPkVEk\n42nkZr1SqeXKPvdcfIFXSUBYgQzlnYHOmIj5XrPs9rQPMx6nbKh6QsxFIzmQFkLC\n7aJ3xXQnOqSFBLKNPr+KIbf5lqa0oR9wPTveH6oJW9NXmOeDC6Pm0iNvEE/uMVJL\nd6d8qbygGhU9aMo/lhltuI2WUD1mjC8U8Btaop4UJrY9baHHtpbXwY6dSrUjODOf\nyPieKJwJ/33qMCyJ2ZOPlPT/BDF0Jz1uGCfojYKfU+CcybZpVf+JtCow10hMwjm2\n8IuTSAq6hN1BBtprZsdd60p3WJZqbqDq7CqSdVCwZn7SVsBD3kTwhlcg0HVe5omw\n8Ow7UG3C1Zit7vZyIlfA3HQa44hIVtK9vphRptWC1mTMm/p06wKCAQEA9p2w2X6a\nBEIZs8cQv1mV8dmytQBSkMgI0Dknj8UwXmqwOJejej9qAZkZh+JvMJ6+DhulbTT+\n1LWR3aJgpcpH6STI32tQ5UDmPcCVpEnZ4Pqueja41RcSe/MXk13Ce6/y3aLiYXqS\nOiLW2tBtEzd+FWzsGlNRtLx2DZtBN/lva/8RmLDJ15rWoiGBRZN+1OaPmhYKYWLc\nU/duyJFdmTgwrLCW+Grn9O4TJ5pMXszX36qJGJT6EwW6MXtd1zcEg2TW4C7yfZbG\nJtcns2u7Up/f3kBgpB5+CRsOqn0RsbzTZJrN/cpiTrdZdeFZpGSZ1lsCOgBsNll8\nP0MnBlgDL9rpDwKCAQEA2zhWW1xDtfwlaDR4V7GtoBMICADozRZMwBFVYRw2dDE+\nYEn12tHgRQ3iFMHDEUFDt0LXpoebRzg16LcUfnje01DUkRP1JFFwa2pyJiu9DEys\ncwdL2wzXlPtoS8Ydt7DkNcWJP2YxAuJqKj0kR56k1lwPUFoUnliMVxnC1asZZ6Vi\n0kwtZwUvvioN//NhQZPY1ARzY34KqgUGEJCYyDfkXmoWne/noximVvAtq+zVM2uz\nNnzUSA3gFleSpKD06I+AFHL0/Lk7swenkwyEE9abMqfYTyd2GeK/Zfrc6SOLYrMr\n73Xh36VWxjB8lfTDODf8n2pV74Le1z5wqCe2lK27UwKCAQAzSiyDr17cz9qElzwW\nb81NlVcjacPCNLgQhjKCJiKfIFUyD+eB/zpOxsaWijNRy1H/oSRQiBsPpguGKsUq\n9dzq0imsvab/ZvX7ldgJaQqVTc2HwWXDe57uhGo8zd0q2DcMfVnTqChNSv2gWIS2\n4G2qixK3juiJTEDJJ6byuz+/GDdSqEHyQ1OsOIeoLrrMEH+BLmBOTL9B/03dDM6I\nlTUaVUewtpszR2hYbjC/7p5e+Bq3MBSqbCCDNgMYRWr84LYHvfvUvszLOygYmqlE\nz9dBY+Y1e9n+jtAICSbq7jiQzdlVlQfJEzzZ1VpNZFbSS+80nO3kh8vdZFvzZ86R\n31dlAoIBAQCrsc8pFPVPVmHx4I6UmGuVIPK8WgH7hsir8ad+PHuFu3/QKH0vWgud\n6ga1HSDrpcMkiGygWDtMp4DJeILLn11eAkPKMOhh/orfBmrK7JzPQkoaeY92y/MZ\nE2MXXd6unRPP7ZvWFPK0AKMH3AVLNryBy26PD05wyod4PIv1j2GBZO4mKVWyB0Ti\nWsvGOFdm5iX/wFCjjvdJPFAIr0eKIQRy0gJOxrQUcFzvYINU0VQWRvcA6PnWSU/G\nD+ahnBLVBndZDMRGH8nbKVac/EOByiaZoQ3wyMZd9dLUS4uz6YvkzNHPZfN3l2aE\nKTuasy4nHOp17PHLeiOQT64qdZgxkHRTAoIBAG1ssVioKoSTWIBQ1CpVQay9BRWX\nYj9xqUbR84IMZBkFCdpQEFc/XhF4kl6+cqzNrBZXkc/kRLNxGDALWxQOlw7TrL22\n9N4yMft4yFzWyawuD6ivRWUPuNHIIpjIFMI26LE/II9LsXlZMq1L7yCHcYexoL6N\nNxANtp0oDydge2ZDsM6h2FrVXsTLs+5bjaWeFFNh9fC0+zuP9pSxlvVfDIOXfwwX\nCHW4+tyVlR7brYURJHS1UxUjZnrNywR+WCKVPT7dimLTohw1BSXU6k4l1n1NDSkW\nzcoJpw1q1a6V3omsN7MZJ+RXctatTvPs80dmGmasuwKz5z025UQmDUjjIVo=\n-----END RSA PRIVATE KEY-----\n",
            "content_base64": null,
            "content_base64sha256": "70m8NmOWvSe/CKn0dbx2/e0P5o3T5mm3bLV8mXA/fEI=",
            "content_base64sha512": "3vgXb3aOHboy6DzpXie/ukfW9gEgGbbP0JzTWQkekpQqk3IJrd6li9xkP+PY7YWvHshWGu2No5/YokDzMHc18A==",
            "content_md5": "b6f09c7ab1e321e1f8a38efee41c839d",
            "content_sha1": "8eaf747504847d446f0699c32147ddd4717406ed",
            "content_sha256": "ef49bc366396bd27bf08a9f475bc76fded0fe68dd3e669b76cb57c99703f7c42",
            "content_sha512": "def8176f768e1dba32e83ce95e27bfba47d6f6012019b6cfd09cd359091e92942a937209addea58bdc643fe3d8ed85af1ec8561aed8da39fd8a240f3307735f0",
            "directory_permission": "0777",
            "file_permission": "0400",
            "filename": "modules/keypair/k8s-jenkins-key.pem",
            "id": "8eaf747504847d446f0699c32147ddd4717406ed",
            "sensitive_content": null,
            "source": null
          },
          "sensitive_attributes": [
            [
              {
                "type": "get_attr",
                "value": "content"
              }
            ]
          ],
          "dependencies": [
            "module.keypair.tls_private_key.rsa"
          ]
        }
      ]
    },
    {
      "module": "module.keypair",
      "mode": "managed",
      "type": "tls_private_key",
      "name": "rsa",
      "provider": "provider[\"registry.terraform.io/hashicorp/tls\"]",
      "instances": [
        {
          "schema_version": 1,
          "attributes": {
            "algorithm": "RSA",
            "ecdsa_curve": "P224",
            "id": "cdc2fda5f587242fbdb504ba72beb4951186ba25",
            "private_key_openssh": "-----BEGIN OPENSSH PRIVATE KEY-----\nb3BlbnNzaC1rZXktdjEAAAAABG5vbmUAAAAEbm9uZQAAAAAAAAABAAACFwAAAAdz\nc2gtcnNhAAAAAwEAAQAAAgEA0y8r+bs6R1EQWKheCESrLTWmylgXfmr8IBIKHu9B\nSEdzdpIMBeEF4ngUgMpK1zEzFuq/IX0vZdZjOBYKhsmMg0OnVsfWQQac4uQa3e+A\nbOq6KSLLxNMB/8uE+eqFurG/hO6xE3mjhbK04nvFx36j2p+0yDFm9/hXI2vZHdiN\nAD6d/f8roRwobA35G9U/dXhjZeoviXvwB72Zhy/LN112vkB9OdlZjtpKdXYmQhk0\nLbtln44SL7eo15QJX9DY7XfmsBXNTNSKVRUPgiJSr+sf15reH6i1ntG6KsNqtIiF\n7DMFXpUo4wkSNnHG8cm1u1GAzMPEr9KFBhM1QYPbh5c5BFoNig5Jz75Jf79ed1X5\nccJd8mJaS/vy+ed3sgP7E3zdRob622fMyLgdXpIXZMgM5RKtRxYnDW6PUt56ufcJ\nyGYodJIz9FoEk6xU8Rx6LQJpy8wLhmGSufJZFmzG2gYqQmQVCILsRauLjWItoF/Z\ns+yVgGuSrtg+Wbe9Ngy/8OA9li+BT8spdcHcXRL66D2hsXdolxXmxNChMPz9KnqQ\nMHKZFfit2/ua1srHQvQG0Fxkdv+fFXHVgZU3rnp1LVb6ZYD37LjcI5PupVG6SZji\nG074PyIEjes8mjH3Nv1zM0tocVkWfbpZNcs+oV3B0+tLrgE95ghfI+FCfCW8U5da\nhN0AAAc4xRZVjMUWVYwAAAAHc3NoLXJzYQAAAgEA0y8r+bs6R1EQWKheCESrLTWm\nylgXfmr8IBIKHu9BSEdzdpIMBeEF4ngUgMpK1zEzFuq/IX0vZdZjOBYKhsmMg0On\nVsfWQQac4uQa3e+AbOq6KSLLxNMB/8uE+eqFurG/hO6xE3mjhbK04nvFx36j2p+0\nyDFm9/hXI2vZHdiNAD6d/f8roRwobA35G9U/dXhjZeoviXvwB72Zhy/LN112vkB9\nOdlZjtpKdXYmQhk0Lbtln44SL7eo15QJX9DY7XfmsBXNTNSKVRUPgiJSr+sf15re\nH6i1ntG6KsNqtIiF7DMFXpUo4wkSNnHG8cm1u1GAzMPEr9KFBhM1QYPbh5c5BFoN\nig5Jz75Jf79ed1X5ccJd8mJaS/vy+ed3sgP7E3zdRob622fMyLgdXpIXZMgM5RKt\nRxYnDW6PUt56ufcJyGYodJIz9FoEk6xU8Rx6LQJpy8wLhmGSufJZFmzG2gYqQmQV\nCILsRauLjWItoF/Zs+yVgGuSrtg+Wbe9Ngy/8OA9li+BT8spdcHcXRL66D2hsXdo\nlxXmxNChMPz9KnqQMHKZFfit2/ua1srHQvQG0Fxkdv+fFXHVgZU3rnp1LVb6ZYD3\n7LjcI5PupVG6SZjiG074PyIEjes8mjH3Nv1zM0tocVkWfbpZNcs+oV3B0+tLrgE9\n5ghfI+FCfCW8U5dahN0AAAADAQABAAACAFOyNs3/L24zSPSyKa5CNMsyn7tC5XDD\nStAVBjDTZr6UHsUnxZ8Q2wmxyIJwae/WPma/O2e02vOT33fLeHmJ6GffiLMCeT4F\nNmlPuPwrXu0LrCMAeNy1Oe4cRUPc+AoRRxOSm9hZlX634CuAnVZesObE89uBhMsS\n/8n4hLBo8hzeNDSFjE+KPtTwRsGKpt9SCqbKBPQKjAstT+r9fJ8hKh3lphumsfFF\nP0xFOo1our7DLdfp8Pg7ZC2oLHzuYwLeSa2QvnBMLdThh2duXfH9j/2dkZnffbeH\nbC5li2UoVFdTszWUjQNJxY+RUSTjaeRmvVKp5co+91x8gVdJQFiBDOWdgc6YiPle\ns+z2tA8zHqdsqHpCzEUjOZAWQsLtonfFdCc6pIUEso0+v4oht/mWprShH3A9O94f\nqglb01eY54MLo+bSI28QT+4xUkt3p3ypvKAaFT1oyj+WGW24jZZQPWaMLxTwG1qi\nnhQmtj1toce2ltfBjp1KtSM4M5/I+J4onAn/feowLInZk4+U9P8EMXQnPW4YJ+iN\ngp9T4JzJtmlV/4m0KjDXSEzCObbwi5NICrqE3UEG2mtmx13rSndYlmpuoOrsKpJ1\nULBmftJWwEPeRPCGVyDQdV7mibDw7DtQbcLVmK3u9nIiV8DcdBrjiEhW0r2+mFGm\n1YLWZMyb+nTrAAABAG1ssVioKoSTWIBQ1CpVQay9BRWXYj9xqUbR84IMZBkFCdpQ\nEFc/XhF4kl6+cqzNrBZXkc/kRLNxGDALWxQOlw7TrL229N4yMft4yFzWyawuD6iv\nRWUPuNHIIpjIFMI26LE/II9LsXlZMq1L7yCHcYexoL6NNxANtp0oDydge2ZDsM6h\n2FrVXsTLs+5bjaWeFFNh9fC0+zuP9pSxlvVfDIOXfwwXCHW4+tyVlR7brYURJHS1\nUxUjZnrNywR+WCKVPT7dimLTohw1BSXU6k4l1n1NDSkWzcoJpw1q1a6V3omsN7MZ\nJ+RXctatTvPs80dmGmasuwKz5z025UQmDUjjIVoAAAEBAPadsNl+mgRCGbPHEL9Z\nlfHZsrUAUpDICNA5J4/FMF5qsDiXo3o/agGZGYfibzCevg4bpW00/tS1kd2iYKXK\nR+kkyN9rUOVA5j3AlaRJ2eD6rno2uNUXEnvzF5Ndwnuv8t2i4mF6kjoi1trQbRM3\nfhVs7BpTUbS8dg2bQTf5b2v/EZiwydea1qIhgUWTftTmj5oWCmFi3FP3bsiRXZk4\nMKywlvhq5/TuEyeaTF7M19+qiRiU+hMFujF7Xdc3BINk1uAu8n2WxibXJ7Nru1Kf\n395AYKQefgkbDqp9EbG802Sazf3KYk63WXXhWaRkmdZbAjoAbDZZfD9DJwZYAy/a\n6Q8AAAEBANs4VltcQ7X8JWg0eFexraATCAgA6M0WTMARVWEcNnQxPmBJ9drR4EUN\n4hTBwxFBQ7dC16aHm0c4Nei3FH543tNQ1JET9SRRcGtqciYrvQxMrHMHS9sM15T7\naEvGHbew5DXFiT9mMQLiaio9JEeepNZcD1BaFJ5YjFcZwtWrGWelYtJMLWcFL74q\nDf/zYUGT2NQEc2N+CqoFBhCQmMg35F5qFp3v56MYplbwLavs1TNrszZ81EgN4BZX\nkqSg9OiPgBRy9Py5O7MHp5MMhBPWmzKn2E8ndhniv2X63Okji2KzK+914d+lVsYw\nfJX0wzg3/J9qVe+C3tc+cKgntpStu1MAAAAAAQID\n-----END OPENSSH PRIVATE KEY-----\n",
            "private_key_pem": "-----BEGIN RSA PRIVATE KEY-----\nMIIJKAIBAAKCAgEA0y8r+bs6R1EQWKheCESrLTWmylgXfmr8IBIKHu9BSEdzdpIM\nBeEF4ngUgMpK1zEzFuq/IX0vZdZjOBYKhsmMg0OnVsfWQQac4uQa3e+AbOq6KSLL\nxNMB/8uE+eqFurG/hO6xE3mjhbK04nvFx36j2p+0yDFm9/hXI2vZHdiNAD6d/f8r\noRwobA35G9U/dXhjZeoviXvwB72Zhy/LN112vkB9OdlZjtpKdXYmQhk0Lbtln44S\nL7eo15QJX9DY7XfmsBXNTNSKVRUPgiJSr+sf15reH6i1ntG6KsNqtIiF7DMFXpUo\n4wkSNnHG8cm1u1GAzMPEr9KFBhM1QYPbh5c5BFoNig5Jz75Jf79ed1X5ccJd8mJa\nS/vy+ed3sgP7E3zdRob622fMyLgdXpIXZMgM5RKtRxYnDW6PUt56ufcJyGYodJIz\n9FoEk6xU8Rx6LQJpy8wLhmGSufJZFmzG2gYqQmQVCILsRauLjWItoF/Zs+yVgGuS\nrtg+Wbe9Ngy/8OA9li+BT8spdcHcXRL66D2hsXdolxXmxNChMPz9KnqQMHKZFfit\n2/ua1srHQvQG0Fxkdv+fFXHVgZU3rnp1LVb6ZYD37LjcI5PupVG6SZjiG074PyIE\njes8mjH3Nv1zM0tocVkWfbpZNcs+oV3B0+tLrgE95ghfI+FCfCW8U5dahN0CAwEA\nAQKCAgBTsjbN/y9uM0j0simuQjTLMp+7QuVww0rQFQYw02a+lB7FJ8WfENsJsciC\ncGnv1j5mvztntNrzk993y3h5iehn34izAnk+BTZpT7j8K17tC6wjAHjctTnuHEVD\n3PgKEUcTkpvYWZV+t+ArgJ1WXrDmxPPbgYTLEv/J+ISwaPIc3jQ0hYxPij7U8EbB\niqbfUgqmygT0CowLLU/q/XyfISod5aYbprHxRT9MRTqNaLq+wy3X6fD4O2QtqCx8\n7mMC3kmtkL5wTC3U4Ydnbl3x/Y/9nZGZ3323h2wuZYtlKFRXU7M1lI0DScWPkVEk\n42nkZr1SqeXKPvdcfIFXSUBYgQzlnYHOmIj5XrPs9rQPMx6nbKh6QsxFIzmQFkLC\n7aJ3xXQnOqSFBLKNPr+KIbf5lqa0oR9wPTveH6oJW9NXmOeDC6Pm0iNvEE/uMVJL\nd6d8qbygGhU9aMo/lhltuI2WUD1mjC8U8Btaop4UJrY9baHHtpbXwY6dSrUjODOf\nyPieKJwJ/33qMCyJ2ZOPlPT/BDF0Jz1uGCfojYKfU+CcybZpVf+JtCow10hMwjm2\n8IuTSAq6hN1BBtprZsdd60p3WJZqbqDq7CqSdVCwZn7SVsBD3kTwhlcg0HVe5omw\n8Ow7UG3C1Zit7vZyIlfA3HQa44hIVtK9vphRptWC1mTMm/p06wKCAQEA9p2w2X6a\nBEIZs8cQv1mV8dmytQBSkMgI0Dknj8UwXmqwOJejej9qAZkZh+JvMJ6+DhulbTT+\n1LWR3aJgpcpH6STI32tQ5UDmPcCVpEnZ4Pqueja41RcSe/MXk13Ce6/y3aLiYXqS\nOiLW2tBtEzd+FWzsGlNRtLx2DZtBN/lva/8RmLDJ15rWoiGBRZN+1OaPmhYKYWLc\nU/duyJFdmTgwrLCW+Grn9O4TJ5pMXszX36qJGJT6EwW6MXtd1zcEg2TW4C7yfZbG\nJtcns2u7Up/f3kBgpB5+CRsOqn0RsbzTZJrN/cpiTrdZdeFZpGSZ1lsCOgBsNll8\nP0MnBlgDL9rpDwKCAQEA2zhWW1xDtfwlaDR4V7GtoBMICADozRZMwBFVYRw2dDE+\nYEn12tHgRQ3iFMHDEUFDt0LXpoebRzg16LcUfnje01DUkRP1JFFwa2pyJiu9DEys\ncwdL2wzXlPtoS8Ydt7DkNcWJP2YxAuJqKj0kR56k1lwPUFoUnliMVxnC1asZZ6Vi\n0kwtZwUvvioN//NhQZPY1ARzY34KqgUGEJCYyDfkXmoWne/noximVvAtq+zVM2uz\nNnzUSA3gFleSpKD06I+AFHL0/Lk7swenkwyEE9abMqfYTyd2GeK/Zfrc6SOLYrMr\n73Xh36VWxjB8lfTDODf8n2pV74Le1z5wqCe2lK27UwKCAQAzSiyDr17cz9qElzwW\nb81NlVcjacPCNLgQhjKCJiKfIFUyD+eB/zpOxsaWijNRy1H/oSRQiBsPpguGKsUq\n9dzq0imsvab/ZvX7ldgJaQqVTc2HwWXDe57uhGo8zd0q2DcMfVnTqChNSv2gWIS2\n4G2qixK3juiJTEDJJ6byuz+/GDdSqEHyQ1OsOIeoLrrMEH+BLmBOTL9B/03dDM6I\nlTUaVUewtpszR2hYbjC/7p5e+Bq3MBSqbCCDNgMYRWr84LYHvfvUvszLOygYmqlE\nz9dBY+Y1e9n+jtAICSbq7jiQzdlVlQfJEzzZ1VpNZFbSS+80nO3kh8vdZFvzZ86R\n31dlAoIBAQCrsc8pFPVPVmHx4I6UmGuVIPK8WgH7hsir8ad+PHuFu3/QKH0vWgud\n6ga1HSDrpcMkiGygWDtMp4DJeILLn11eAkPKMOhh/orfBmrK7JzPQkoaeY92y/MZ\nE2MXXd6unRPP7ZvWFPK0AKMH3AVLNryBy26PD05wyod4PIv1j2GBZO4mKVWyB0Ti\nWsvGOFdm5iX/wFCjjvdJPFAIr0eKIQRy0gJOxrQUcFzvYINU0VQWRvcA6PnWSU/G\nD+ahnBLVBndZDMRGH8nbKVac/EOByiaZoQ3wyMZd9dLUS4uz6YvkzNHPZfN3l2aE\nKTuasy4nHOp17PHLeiOQT64qdZgxkHRTAoIBAG1ssVioKoSTWIBQ1CpVQay9BRWX\nYj9xqUbR84IMZBkFCdpQEFc/XhF4kl6+cqzNrBZXkc/kRLNxGDALWxQOlw7TrL22\n9N4yMft4yFzWyawuD6ivRWUPuNHIIpjIFMI26LE/II9LsXlZMq1L7yCHcYexoL6N\nNxANtp0oDydge2ZDsM6h2FrVXsTLs+5bjaWeFFNh9fC0+zuP9pSxlvVfDIOXfwwX\nCHW4+tyVlR7brYURJHS1UxUjZnrNywR+WCKVPT7dimLTohw1BSXU6k4l1n1NDSkW\nzcoJpw1q1a6V3omsN7MZJ+RXctatTvPs80dmGmasuwKz5z025UQmDUjjIVo=\n-----END RSA PRIVATE KEY-----\n",
            "private_key_pem_pkcs8": "-----BEGIN PRIVATE KEY-----\nMIIJQgIBADANBgkqhkiG9w0BAQEFAASCCSwwggkoAgEAAoICAQDTLyv5uzpHURBY\nqF4IRKstNabKWBd+avwgEgoe70FIR3N2kgwF4QXieBSAykrXMTMW6r8hfS9l1mM4\nFgqGyYyDQ6dWx9ZBBpzi5Brd74Bs6ropIsvE0wH/y4T56oW6sb+E7rETeaOFsrTi\ne8XHfqPan7TIMWb3+Fcja9kd2I0APp39/yuhHChsDfkb1T91eGNl6i+Je/AHvZmH\nL8s3XXa+QH052VmO2kp1diZCGTQtu2WfjhIvt6jXlAlf0Njtd+awFc1M1IpVFQ+C\nIlKv6x/Xmt4fqLWe0boqw2q0iIXsMwVelSjjCRI2ccbxybW7UYDMw8Sv0oUGEzVB\ng9uHlzkEWg2KDknPvkl/v153Vflxwl3yYlpL+/L553eyA/sTfN1GhvrbZ8zIuB1e\nkhdkyAzlEq1HFicNbo9S3nq59wnIZih0kjP0WgSTrFTxHHotAmnLzAuGYZK58lkW\nbMbaBipCZBUIguxFq4uNYi2gX9mz7JWAa5Ku2D5Zt702DL/w4D2WL4FPyyl1wdxd\nEvroPaGxd2iXFebE0KEw/P0qepAwcpkV+K3b+5rWysdC9AbQXGR2/58VcdWBlTeu\nenUtVvplgPfsuNwjk+6lUbpJmOIbTvg/IgSN6zyaMfc2/XMzS2hxWRZ9ulk1yz6h\nXcHT60uuAT3mCF8j4UJ8JbxTl1qE3QIDAQABAoICAFOyNs3/L24zSPSyKa5CNMsy\nn7tC5XDDStAVBjDTZr6UHsUnxZ8Q2wmxyIJwae/WPma/O2e02vOT33fLeHmJ6Gff\niLMCeT4FNmlPuPwrXu0LrCMAeNy1Oe4cRUPc+AoRRxOSm9hZlX634CuAnVZesObE\n89uBhMsS/8n4hLBo8hzeNDSFjE+KPtTwRsGKpt9SCqbKBPQKjAstT+r9fJ8hKh3l\nphumsfFFP0xFOo1our7DLdfp8Pg7ZC2oLHzuYwLeSa2QvnBMLdThh2duXfH9j/2d\nkZnffbeHbC5li2UoVFdTszWUjQNJxY+RUSTjaeRmvVKp5co+91x8gVdJQFiBDOWd\ngc6YiPles+z2tA8zHqdsqHpCzEUjOZAWQsLtonfFdCc6pIUEso0+v4oht/mWprSh\nH3A9O94fqglb01eY54MLo+bSI28QT+4xUkt3p3ypvKAaFT1oyj+WGW24jZZQPWaM\nLxTwG1qinhQmtj1toce2ltfBjp1KtSM4M5/I+J4onAn/feowLInZk4+U9P8EMXQn\nPW4YJ+iNgp9T4JzJtmlV/4m0KjDXSEzCObbwi5NICrqE3UEG2mtmx13rSndYlmpu\noOrsKpJ1ULBmftJWwEPeRPCGVyDQdV7mibDw7DtQbcLVmK3u9nIiV8DcdBrjiEhW\n0r2+mFGm1YLWZMyb+nTrAoIBAQD2nbDZfpoEQhmzxxC/WZXx2bK1AFKQyAjQOSeP\nxTBearA4l6N6P2oBmRmH4m8wnr4OG6VtNP7UtZHdomClykfpJMjfa1DlQOY9wJWk\nSdng+q56NrjVFxJ78xeTXcJ7r/LdouJhepI6Itba0G0TN34VbOwaU1G0vHYNm0E3\n+W9r/xGYsMnXmtaiIYFFk37U5o+aFgphYtxT927IkV2ZODCssJb4auf07hMnmkxe\nzNffqokYlPoTBboxe13XNwSDZNbgLvJ9lsYm1yeza7tSn9/eQGCkHn4JGw6qfRGx\nvNNkms39ymJOt1l14VmkZJnWWwI6AGw2WXw/QycGWAMv2ukPAoIBAQDbOFZbXEO1\n/CVoNHhXsa2gEwgIAOjNFkzAEVVhHDZ0MT5gSfXa0eBFDeIUwcMRQUO3Qtemh5tH\nODXotxR+eN7TUNSRE/UkUXBranImK70MTKxzB0vbDNeU+2hLxh23sOQ1xYk/ZjEC\n4moqPSRHnqTWXA9QWhSeWIxXGcLVqxlnpWLSTC1nBS++Kg3/82FBk9jUBHNjfgqq\nBQYQkJjIN+Reahad7+ejGKZW8C2r7NUza7M2fNRIDeAWV5KkoPToj4AUcvT8uTuz\nB6eTDIQT1psyp9hPJ3YZ4r9l+tzpI4tisyvvdeHfpVbGMHyV9MM4N/yfalXvgt7X\nPnCoJ7aUrbtTAoIBADNKLIOvXtzP2oSXPBZvzU2VVyNpw8I0uBCGMoImIp8gVTIP\n54H/Ok7GxpaKM1HLUf+hJFCIGw+mC4YqxSr13OrSKay9pv9m9fuV2AlpCpVNzYfB\nZcN7nu6EajzN3SrYNwx9WdOoKE1K/aBYhLbgbaqLEreO6IlMQMknpvK7P78YN1Ko\nQfJDU6w4h6guuswQf4EuYE5Mv0H/Td0MzoiVNRpVR7C2mzNHaFhuML/unl74Grcw\nFKpsIIM2AxhFavzgtge9+9S+zMs7KBiaqUTP10Fj5jV72f6O0AgJJuruOJDN2VWV\nB8kTPNnVWk1kVtJL7zSc7eSHy91kW/NnzpHfV2UCggEBAKuxzykU9U9WYfHgjpSY\na5Ug8rxaAfuGyKvxp348e4W7f9AofS9aC53qBrUdIOulwySIbKBYO0yngMl4gsuf\nXV4CQ8ow6GH+it8GasrsnM9CShp5j3bL8xkTYxdd3q6dE8/tm9YU8rQAowfcBUs2\nvIHLbo8PTnDKh3g8i/WPYYFk7iYpVbIHROJay8Y4V2bmJf/AUKOO90k8UAivR4oh\nBHLSAk7GtBRwXO9gg1TRVBZG9wDo+dZJT8YP5qGcEtUGd1kMxEYfydspVpz8Q4HK\nJpmhDfDIxl310tRLi7Ppi+TM0c9l83eXZoQpO5qzLicc6nXs8ct6I5BPrip1mDGQ\ndFMCggEAbWyxWKgqhJNYgFDUKlVBrL0FFZdiP3GpRtHzggxkGQUJ2lAQVz9eEXiS\nXr5yrM2sFleRz+REs3EYMAtbFA6XDtOsvbb03jIx+3jIXNbJrC4PqK9FZQ+40cgi\nmMgUwjbosT8gj0uxeVkyrUvvIIdxh7Ggvo03EA22nSgPJ2B7ZkOwzqHYWtVexMuz\n7luNpZ4UU2H18LT7O4/2lLGW9V8Mg5d/DBcIdbj63JWVHtuthREkdLVTFSNmes3L\nBH5YIpU9Pt2KYtOiHDUFJdTqTiXWfU0NKRbNygmnDWrVrpXeiaw3sxkn5Fdy1q1O\n8+zzR2YaZqy7ArPnPTblRCYNSOMhWg==\n-----END PRIVATE KEY-----\n",
            "public_key_fingerprint_md5": "96:7e:09:23:6f:ee:9a:8a:fe:b9:aa:14:3f:e8:08:c6",
            "public_key_fingerprint_sha256": "SHA256:k09OAmtWf1PgV4LdTzF8r+dlYZF4NqAIa0BJ6JkFUqc",
            "public_key_openssh": "ssh-rsa AAAAB3NzaC1yc2EAAAADAQABAAACAQDTLyv5uzpHURBYqF4IRKstNabKWBd+avwgEgoe70FIR3N2kgwF4QXieBSAykrXMTMW6r8hfS9l1mM4FgqGyYyDQ6dWx9ZBBpzi5Brd74Bs6ropIsvE0wH/y4T56oW6sb+E7rETeaOFsrTie8XHfqPan7TIMWb3+Fcja9kd2I0APp39/yuhHChsDfkb1T91eGNl6i+Je/AHvZmHL8s3XXa+QH052VmO2kp1diZCGTQtu2WfjhIvt6jXlAlf0Njtd+awFc1M1IpVFQ+CIlKv6x/Xmt4fqLWe0boqw2q0iIXsMwVelSjjCRI2ccbxybW7UYDMw8Sv0oUGEzVBg9uHlzkEWg2KDknPvkl/v153Vflxwl3yYlpL+/L553eyA/sTfN1GhvrbZ8zIuB1ekhdkyAzlEq1HFicNbo9S3nq59wnIZih0kjP0WgSTrFTxHHotAmnLzAuGYZK58lkWbMbaBipCZBUIguxFq4uNYi2gX9mz7JWAa5Ku2D5Zt702DL/w4D2WL4FPyyl1wdxdEvroPaGxd2iXFebE0KEw/P0qepAwcpkV+K3b+5rWysdC9AbQXGR2/58VcdWBlTeuenUtVvplgPfsuNwjk+6lUbpJmOIbTvg/IgSN6zyaMfc2/XMzS2hxWRZ9ulk1yz6hXcHT60uuAT3mCF8j4UJ8JbxTl1qE3Q==\n",
            "public_key_pem": "-----BEGIN PUBLIC KEY-----\nMIICIjANBgkqhkiG9w0BAQEFAAOCAg8AMIICCgKCAgEA0y8r+bs6R1EQWKheCESr\nLTWmylgXfmr8IBIKHu9BSEdzdpIMBeEF4ngUgMpK1zEzFuq/IX0vZdZjOBYKhsmM\ng0OnVsfWQQac4uQa3e+AbOq6KSLLxNMB/8uE+eqFurG/hO6xE3mjhbK04nvFx36j\n2p+0yDFm9/hXI2vZHdiNAD6d/f8roRwobA35G9U/dXhjZeoviXvwB72Zhy/LN112\nvkB9OdlZjtpKdXYmQhk0Lbtln44SL7eo15QJX9DY7XfmsBXNTNSKVRUPgiJSr+sf\n15reH6i1ntG6KsNqtIiF7DMFXpUo4wkSNnHG8cm1u1GAzMPEr9KFBhM1QYPbh5c5\nBFoNig5Jz75Jf79ed1X5ccJd8mJaS/vy+ed3sgP7E3zdRob622fMyLgdXpIXZMgM\n5RKtRxYnDW6PUt56ufcJyGYodJIz9FoEk6xU8Rx6LQJpy8wLhmGSufJZFmzG2gYq\nQmQVCILsRauLjWItoF/Zs+yVgGuSrtg+Wbe9Ngy/8OA9li+BT8spdcHcXRL66D2h\nsXdolxXmxNChMPz9KnqQMHKZFfit2/ua1srHQvQG0Fxkdv+fFXHVgZU3rnp1LVb6\nZYD37LjcI5PupVG6SZjiG074PyIEjes8mjH3Nv1zM0tocVkWfbpZNcs+oV3B0+tL\nrgE95ghfI+FCfCW8U5dahN0CAwEAAQ==\n-----END PUBLIC KEY-----\n",
            "rsa_bits": 4096
          },
          "sensitive_attributes": []
        }
      ]
    },
    {
      "module": "module.security_group",
      "mode": "managed",
      "type": "aws_security_group",
      "name": "main",
      "provider": "provider[\"registry.terraform.io/hashicorp/aws\"]",
      "instances": [
        {
          "schema_version": 1,
          "attributes": {
            "arn": "arn:aws:ec2:ap-south-1:713332525261:security-group/sg-008cb7301fe11acf2",
            "description": "Managed by Terraform",
            "egress": [
              {
                "cidr_blocks": [
                  "0.0.0.0/0"
                ],
                "description": "",
                "from_port": 0,
                "ipv6_cidr_blocks": [],
                "prefix_list_ids": [],
                "protocol": "-1",
                "security_groups": [],
                "self": false,
                "to_port": 0
              }
            ],
            "id": "sg-008cb7301fe11acf2",
            "ingress": [
              {
                "cidr_blocks": [
                  "0.0.0.0/0"
                ],
                "description": "HTTP",
                "from_port": 80,
                "ipv6_cidr_blocks": [],
                "prefix_list_ids": [],
                "protocol": "tcp",
                "security_groups": [],
                "self": false,
                "to_port": 80
              },
              {
                "cidr_blocks": [
                  "0.0.0.0/0"
                ],
                "description": "HTTPS",
                "from_port": 443,
                "ipv6_cidr_blocks": [],
                "prefix_list_ids": [],
                "protocol": "tcp",
                "security_groups": [],
                "self": false,
                "to_port": 443
              },
              {
                "cidr_blocks": [
                  "0.0.0.0/0"
                ],
                "description": "Kubernetes API",
                "from_port": 6443,
                "ipv6_cidr_blocks": [],
                "prefix_list_ids": [],
                "protocol": "tcp",
                "security_groups": [],
                "self": false,
                "to_port": 6443
              },
              {
                "cidr_blocks": [
                  "0.0.0.0/0"
                ],
                "description": "NodePort",
                "from_port": 30000,
                "ipv6_cidr_blocks": [],
                "prefix_list_ids": [],
                "protocol": "tcp",
                "security_groups": [],
                "self": false,
                "to_port": 32767
              },
              {
                "cidr_blocks": [
                  "0.0.0.0/0"
                ],
                "description": "SSH",
                "from_port": 22,
                "ipv6_cidr_blocks": [],
                "prefix_list_ids": [],
                "protocol": "tcp",
                "security_groups": [],
                "self": false,
                "to_port": 22
              }
            ],
            "name": "k8s-sg",
            "name_prefix": "",
            "owner_id": "713332525261",
            "revoke_rules_on_delete": false,
            "tags": {},
            "tags_all": {},
            "timeouts": null,
            "vpc_id": "vpc-0c9cd032721c8ca71"
          },
          "sensitive_attributes": [],
          "private": "eyJlMmJmYjczMC1lY2FhLTExZTYtOGY4OC0zNDM2M2JjN2M0YzAiOnsiY3JlYXRlIjo2MDAwMDAwMDAwMDAsImRlbGV0ZSI6OTAwMDAwMDAwMDAwfSwic2NoZW1hX3ZlcnNpb24iOiIxIn0=",
          "dependencies": [
            "module.vpc.aws_vpc.main"
          ]
        }
      ]
    },
    {
      "module": "module.vpc",
      "mode": "managed",
      "type": "aws_internet_gateway",
      "name": "gw",
      "provider": "provider[\"registry.terraform.io/hashicorp/aws\"]",
      "instances": [
        {
          "schema_version": 0,
          "attributes": {
            "arn": "arn:aws:ec2:ap-south-1:713332525261:internet-gateway/igw-02d6b1a557ab34d2b",
            "id": "igw-02d6b1a557ab34d2b",
            "owner_id": "713332525261",
            "tags": {
              "Name": "k8s-igw"
            },
            "tags_all": {
              "Name": "k8s-igw"
            },
            "timeouts": null,
            "vpc_id": "vpc-0c9cd032721c8ca71"
          },
          "sensitive_attributes": [],
          "private": "eyJlMmJmYjczMC1lY2FhLTExZTYtOGY4OC0zNDM2M2JjN2M0YzAiOnsiY3JlYXRlIjoxMjAwMDAwMDAwMDAwLCJkZWxldGUiOjEyMDAwMDAwMDAwMDAsInVwZGF0ZSI6MTIwMDAwMDAwMDAwMH19",
          "dependencies": [
            "module.vpc.aws_vpc.main"
          ]
        }
      ]
    },
    {
      "module": "module.vpc",
      "mode": "managed",
      "type": "aws_route",
      "name": "internet_access",
      "provider": "provider[\"registry.terraform.io/hashicorp/aws\"]",
      "instances": [
        {
          "schema_version": 0,
          "attributes": {
            "carrier_gateway_id": "",
            "core_network_arn": "",
            "destination_cidr_block": "0.0.0.0/0",
            "destination_ipv6_cidr_block": "",
            "destination_prefix_list_id": "",
            "egress_only_gateway_id": "",
            "gateway_id": "igw-02d6b1a557ab34d2b",
            "id": "r-rtb-063cac4f4b3d53cde1080289494",
            "instance_id": "",
            "instance_owner_id": "",
            "local_gateway_id": "",
            "nat_gateway_id": "",
            "network_interface_id": "",
            "origin": "CreateRoute",
            "route_table_id": "rtb-063cac4f4b3d53cde",
            "state": "active",
            "timeouts": null,
            "transit_gateway_id": "",
            "vpc_endpoint_id": "",
            "vpc_peering_connection_id": ""
          },
          "sensitive_attributes": [],
          "private": "eyJlMmJmYjczMC1lY2FhLTExZTYtOGY4OC0zNDM2M2JjN2M0YzAiOnsiY3JlYXRlIjozMDAwMDAwMDAwMDAsImRlbGV0ZSI6MzAwMDAwMDAwMDAwLCJ1cGRhdGUiOjEyMDAwMDAwMDAwMH19",
          "dependencies": [
            "module.vpc.aws_internet_gateway.gw",
            "module.vpc.aws_route_table.rt",
            "module.vpc.aws_vpc.main"
          ]
        }
      ]
    },
    {
      "module": "module.vpc",
      "mode": "managed",
      "type": "aws_route_table",
      "name": "rt",
      "provider": "provider[\"registry.terraform.io/hashicorp/aws\"]",
      "instances": [
        {
          "schema_version": 0,
          "attributes": {
            "arn": "arn:aws:ec2:ap-south-1:713332525261:route-table/rtb-063cac4f4b3d53cde",
            "id": "rtb-063cac4f4b3d53cde",
            "owner_id": "713332525261",
            "propagating_vgws": [],
            "route": [
              {
                "carrier_gateway_id": "",
                "cidr_block": "0.0.0.0/0",
                "core_network_arn": "",
                "destination_prefix_list_id": "",
                "egress_only_gateway_id": "",
                "gateway_id": "igw-02d6b1a557ab34d2b",
                "ipv6_cidr_block": "",
                "local_gateway_id": "",
                "nat_gateway_id": "",
                "network_interface_id": "",
                "transit_gateway_id": "",
                "vpc_endpoint_id": "",
                "vpc_peering_connection_id": ""
              }
            ],
            "tags": {
              "Name": "k8s-public-rt"
            },
            "tags_all": {
              "Name": "k8s-public-rt"
            },
            "timeouts": null,
            "vpc_id": "vpc-0c9cd032721c8ca71"
          },
          "sensitive_attributes": [],
          "private": "eyJlMmJmYjczMC1lY2FhLTExZTYtOGY4OC0zNDM2M2JjN2M0YzAiOnsiY3JlYXRlIjozMDAwMDAwMDAwMDAsImRlbGV0ZSI6MzAwMDAwMDAwMDAwLCJ1cGRhdGUiOjEyMDAwMDAwMDAwMH19",
          "dependencies": [
            "module.vpc.aws_vpc.main"
          ]
        }
      ]
    },
    {
      "module": "module.vpc",
      "mode": "managed",
      "type": "aws_route_table_association",
      "name": "rta",
      "provider": "provider[\"registry.terraform.io/hashicorp/aws\"]",
      "instances": [
        {
          "schema_version": 0,
          "attributes": {
            "gateway_id": "",
            "id": "rtbassoc-0f9c18f00a9346dcc",
            "route_table_id": "rtb-063cac4f4b3d53cde",
            "subnet_id": "subnet-028cda964bd583c87",
            "timeouts": null
          },
          "sensitive_attributes": [],
          "private": "eyJlMmJmYjczMC1lY2FhLTExZTYtOGY4OC0zNDM2M2JjN2M0YzAiOnsiY3JlYXRlIjozMDAwMDAwMDAwMDAsImRlbGV0ZSI6MzAwMDAwMDAwMDAwLCJ1cGRhdGUiOjEyMDAwMDAwMDAwMH19",
          "dependencies": [
            "module.vpc.aws_route_table.rt",
            "module.vpc.aws_subnet.public",
            "module.vpc.aws_vpc.main"
          ]
        }
      ]
    },
    {
      "module": "module.vpc",
      "mode": "managed",
      "type": "aws_subnet",
      "name": "public",
      "provider": "provider[\"registry.terraform.io/hashicorp/aws\"]",
      "instances": [
        {
          "schema_version": 1,
          "attributes": {
            "arn": "arn:aws:ec2:ap-south-1:713332525261:subnet/subnet-028cda964bd583c87",
            "assign_ipv6_address_on_creation": false,
            "availability_zone": "ap-south-1a",
            "availability_zone_id": "aps1-az1",
            "cidr_block": "10.0.1.0/24",
            "customer_owned_ipv4_pool": "",
            "enable_dns64": false,
            "enable_lni_at_device_index": 0,
            "enable_resource_name_dns_a_record_on_launch": false,
            "enable_resource_name_dns_aaaa_record_on_launch": false,
            "id": "subnet-028cda964bd583c87",
            "ipv6_cidr_block": "",
            "ipv6_cidr_block_association_id": "",
            "ipv6_native": false,
            "map_customer_owned_ip_on_launch": false,
            "map_public_ip_on_launch": true,
            "outpost_arn": "",
            "owner_id": "713332525261",
            "private_dns_hostname_type_on_launch": "ip-name",
            "tags": {
              "Name": "k8s-public-subnet"
            },
            "tags_all": {
              "Name": "k8s-public-subnet"
            },
            "timeouts": null,
            "vpc_id": "vpc-0c9cd032721c8ca71"
          },
          "sensitive_attributes": [],
          "private": "eyJlMmJmYjczMC1lY2FhLTExZTYtOGY4OC0zNDM2M2JjN2M0YzAiOnsiY3JlYXRlIjo2MDAwMDAwMDAwMDAsImRlbGV0ZSI6MTIwMDAwMDAwMDAwMH0sInNjaGVtYV92ZXJzaW9uIjoiMSJ9",
          "dependencies": [
            "module.vpc.aws_vpc.main"
          ]
        }
      ]
    },
    {
      "module": "module.vpc",
      "mode": "managed",
      "type": "aws_vpc",
      "name": "main",
      "provider": "provider[\"registry.terraform.io/hashicorp/aws\"]",
      "instances": [
        {
          "schema_version": 1,
          "attributes": {
            "arn": "arn:aws:ec2:ap-south-1:713332525261:vpc/vpc-0c9cd032721c8ca71",
            "assign_generated_ipv6_cidr_block": false,
            "cidr_block": "10.0.0.0/16",
            "default_network_acl_id": "acl-02adba03e36dcbb1e",
            "default_route_table_id": "rtb-0c8ce808798187038",
            "default_security_group_id": "sg-0dc6c304bba9c3ad4",
            "dhcp_options_id": "dopt-0c82bbfd242e8d49d",
            "enable_dns_hostnames": true,
            "enable_dns_support": true,
            "enable_network_address_usage_metrics": false,
            "id": "vpc-0c9cd032721c8ca71",
            "instance_tenancy": "default",
            "ipv4_ipam_pool_id": null,
            "ipv4_netmask_length": null,
            "ipv6_association_id": "",
            "ipv6_cidr_block": "",
            "ipv6_cidr_block_network_border_group": "",
            "ipv6_ipam_pool_id": "",
            "ipv6_netmask_length": 0,
            "main_route_table_id": "rtb-0c8ce808798187038",
            "owner_id": "713332525261",
            "tags": {
              "Name": "k8s-vpc"
            },
            "tags_all": {
              "Name": "k8s-vpc"
            }
          },
          "sensitive_attributes": [],
          "private": "eyJzY2hlbWFfdmVyc2lvbiI6IjEifQ=="
        }
      ]
    }
  ],
  "check_results": null
}
